// !$*UTF8*$!
{
	archiveVersion = 1;
	classes = {
	};
	objectVersion = 46;
	objects = {

/* Begin PBXBuildFile section */
		04780DC62B7FD88E0F75C911 /* libPods.a in Frameworks */ = {isa = PBXBuildFile; fileRef = 098DAEA937F57124FD098BC7 /* libPods.a */; };
		9208936B1BFDD31D003560D6 /* main.m in Sources */ = {isa = PBXBuildFile; fileRef = 9208936A1BFDD31D003560D6 /* main.m */; };
		920893DE1BFDD337003560D6 /* PPHomeViewController.m in Sources */ = {isa = PBXBuildFile; fileRef = 920893731BFDD337003560D6 /* PPHomeViewController.m */; };
		920893DF1BFDD337003560D6 /* PPDropdownViewController.m in Sources */ = {isa = PBXBuildFile; fileRef = 920893771BFDD337003560D6 /* PPDropdownViewController.m */; };
		920893E01BFDD337003560D6 /* PPDropdownMenu.m in Sources */ = {isa = PBXBuildFile; fileRef = 9208937A1BFDD337003560D6 /* PPDropdownMenu.m */; };
		920893E11BFDD337003560D6 /* PPNavigationController.m in Sources */ = {isa = PBXBuildFile; fileRef = 920893811BFDD337003560D6 /* PPNavigationController.m */; };
		920893E21BFDD337003560D6 /* PPSearchBar.m in Sources */ = {isa = PBXBuildFile; fileRef = 920893831BFDD337003560D6 /* PPSearchBar.m */; };
		920893E31BFDD337003560D6 /* PPTabBarController.m in Sources */ = {isa = PBXBuildFile; fileRef = 920893851BFDD337003560D6 /* PPTabBarController.m */; };
		920893E41BFDD337003560D6 /* PPTabBar.m in Sources */ = {isa = PBXBuildFile; fileRef = 920893891BFDD337003560D6 /* PPTabBar.m */; };
		920893E61BFDD337003560D6 /* AppDelegate.m in Sources */ = {isa = PBXBuildFile; fileRef = 9208938F1BFDD337003560D6 /* AppDelegate.m */; };
		920893E71BFDD337003560D6 /* PPMessageViewController.m in Sources */ = {isa = PBXBuildFile; fileRef = 920893931BFDD337003560D6 /* PPMessageViewController.m */; };
		920893E81BFDD337003560D6 /* PPMessageDetailViewController.m in Sources */ = {isa = PBXBuildFile; fileRef = 920893971BFDD337003560D6 /* PPMessageDetailViewController.m */; };
		920893E91BFDD337003560D6 /* PPNewFeatherViewController.m in Sources */ = {isa = PBXBuildFile; fileRef = 9208939F1BFDD337003560D6 /* PPNewFeatherViewController.m */; };
		920893EA1BFDD337003560D6 /* Foundation+Log.m in Sources */ = {isa = PBXBuildFile; fileRef = 920893A41BFDD337003560D6 /* Foundation+Log.m */; };
		920893EB1BFDD337003560D6 /* NSDate+Extention.m in Sources */ = {isa = PBXBuildFile; fileRef = 920893A71BFDD337003560D6 /* NSDate+Extention.m */; };
		920893EC1BFDD337003560D6 /* NSDateFormatter+Extention.m in Sources */ = {isa = PBXBuildFile; fileRef = 920893A91BFDD337003560D6 /* NSDateFormatter+Extention.m */; };
		920893ED1BFDD337003560D6 /* NSObject+Log.m in Sources */ = {isa = PBXBuildFile; fileRef = 920893AC1BFDD337003560D6 /* NSObject+Log.m */; };
		920893EE1BFDD337003560D6 /* NSString+Extention.m in Sources */ = {isa = PBXBuildFile; fileRef = 920893AF1BFDD337003560D6 /* NSString+Extention.m */; };
		920893EF1BFDD337003560D6 /* UIBarButtonItem+Extension.m in Sources */ = {isa = PBXBuildFile; fileRef = 920893B21BFDD337003560D6 /* UIBarButtonItem+Extension.m */; };
		920893F01BFDD337003560D6 /* MyButton.m in Sources */ = {isa = PBXBuildFile; fileRef = 920893B51BFDD337003560D6 /* MyButton.m */; };
		920893F11BFDD337003560D6 /* UIColor+Random.m in Sources */ = {isa = PBXBuildFile; fileRef = 920893B81BFDD337003560D6 /* UIColor+Random.m */; };
		920893F21BFDD337003560D6 /* UIImage+Extention.m in Sources */ = {isa = PBXBuildFile; fileRef = 920893BB1BFDD337003560D6 /* UIImage+Extention.m */; };
		920893F31BFDD337003560D6 /* UIResponder+Router.m in Sources */ = {isa = PBXBuildFile; fileRef = 920893BE1BFDD337003560D6 /* UIResponder+Router.m */; };
		920893F41BFDD337003560D6 /* UITextField+Extention.m in Sources */ = {isa = PBXBuildFile; fileRef = 920893C11BFDD337003560D6 /* UITextField+Extention.m */; };
		920893F51BFDD337003560D6 /* UITextView+Extention.m in Sources */ = {isa = PBXBuildFile; fileRef = 920893C41BFDD337003560D6 /* UITextView+Extention.m */; };
		920893F61BFDD337003560D6 /* UIView+Extension.m in Sources */ = {isa = PBXBuildFile; fileRef = 920893C71BFDD337003560D6 /* UIView+Extension.m */; };
		920893F71BFDD337003560D6 /* UIViewController+Extention.m in Sources */ = {isa = PBXBuildFile; fileRef = 920893CA1BFDD337003560D6 /* UIViewController+Extention.m */; };
		920893F91BFDD337003560D6 /* UIWindow+Extension.m in Sources */ = {isa = PBXBuildFile; fileRef = 920893CF1BFDD337003560D6 /* UIWindow+Extension.m */; };
		920893FA1BFDD337003560D6 /* MBProgressHUD+MJ.m in Sources */ = {isa = PBXBuildFile; fileRef = 920893D31BFDD337003560D6 /* MBProgressHUD+MJ.m */; };
		920893FC1BFDD337003560D6 /* PPProfileViewController.m in Sources */ = {isa = PBXBuildFile; fileRef = 920893DA1BFDD337003560D6 /* PPProfileViewController.m */; };
		920894051BFDDBB2003560D6 /* PPDiscoverViewController.m in Sources */ = {isa = PBXBuildFile; fileRef = 920894001BFDDBB2003560D6 /* PPDiscoverViewController.m */; };
		92527BE91C3D1ED700377FC6 /* PPStatusPhotoView.m in Sources */ = {isa = PBXBuildFile; fileRef = 92527BE81C3D1ED700377FC6 /* PPStatusPhotoView.m */; };
		92527BEC1C3E6D0700377FC6 /* PPStatusImageView.m in Sources */ = {isa = PBXBuildFile; fileRef = 92527BEB1C3E6D0700377FC6 /* PPStatusImageView.m */; };
		92527BF41C3F65EA00377FC6 /* PPIconView.m in Sources */ = {isa = PBXBuildFile; fileRef = 92527BF31C3F65EA00377FC6 /* PPIconView.m */; };
		92527BFB1C3F980B00377FC6 /* PPComposeViewController.m in Sources */ = {isa = PBXBuildFile; fileRef = 92527BFA1C3F980B00377FC6 /* PPComposeViewController.m */; };
		92527BFE1C3FB75B00377FC6 /* PPTextView.m in Sources */ = {isa = PBXBuildFile; fileRef = 92527BFD1C3FB75B00377FC6 /* PPTextView.m */; };
		92B2D24A1C03079C00335F36 /* PPAuthViewController.m in Sources */ = {isa = PBXBuildFile; fileRef = 92B2D2491C03079C00335F36 /* PPAuthViewController.m */; };
		92B2D26C1C032CE000335F36 /* PPAccount.m in Sources */ = {isa = PBXBuildFile; fileRef = 92B2D26B1C032CE000335F36 /* PPAccount.m */; };
		92B2D2731C035FC800335F36 /* PPAccountManager.m in Sources */ = {isa = PBXBuildFile; fileRef = 92B2D2721C035FC800335F36 /* PPAccountManager.m */; };
		92B2D2771C035FE900335F36 /* PPConst.m in Sources */ = {isa = PBXBuildFile; fileRef = 92B2D2761C035FE900335F36 /* PPConst.m */; };
		92BDFE161BF06ED300FF548D /* Main.storyboard in Resources */ = {isa = PBXBuildFile; fileRef = 92BDFE141BF06ED300FF548D /* Main.storyboard */; };
		92BDFE181BF06ED300FF548D /* Assets.xcassets in Resources */ = {isa = PBXBuildFile; fileRef = 92BDFE171BF06ED300FF548D /* Assets.xcassets */; };
		92DFAB7F1C044E0600FEB988 /* PPUser.m in Sources */ = {isa = PBXBuildFile; fileRef = 92DFAB7E1C044E0600FEB988 /* PPUser.m */; };
		92DFAB821C044E3F00FEB988 /* PPStatus.m in Sources */ = {isa = PBXBuildFile; fileRef = 92DFAB811C044E3F00FEB988 /* PPStatus.m */; };
		92DFAB911C059F6F00FEB988 /* PPLoadMoreFooter.m in Sources */ = {isa = PBXBuildFile; fileRef = 92DFAB8C1C059F6F00FEB988 /* PPLoadMoreFooter.m */; };
		92DFAB921C059F6F00FEB988 /* PPLoadMoreFooter.xib in Resources */ = {isa = PBXBuildFile; fileRef = 92DFAB8D1C059F6F00FEB988 /* PPLoadMoreFooter.xib */; };
		92DFAB931C059F6F00FEB988 /* PPTitleButton.m in Sources */ = {isa = PBXBuildFile; fileRef = 92DFAB901C059F6F00FEB988 /* PPTitleButton.m */; };
		92DFAB971C059FA400FEB988 /* PPStatusCell.m in Sources */ = {isa = PBXBuildFile; fileRef = 92DFAB951C059FA400FEB988 /* PPStatusCell.m */; };
		92DFAB9B1C05A12300FEB988 /* PPStatusFrame.m in Sources */ = {isa = PBXBuildFile; fileRef = 92DFAB9A1C05A12300FEB988 /* PPStatusFrame.m */; };
		92DFAB9E1C05AE1200FEB988 /* PPPhoto.m in Sources */ = {isa = PBXBuildFile; fileRef = 92DFAB9D1C05AE1200FEB988 /* PPPhoto.m */; };
		92DFABA21C05B16800FEB988 /* PPToolbar.m in Sources */ = {isa = PBXBuildFile; fileRef = 92DFABA11C05B16800FEB988 /* PPToolbar.m */; };
		92F2195E1C4389BC009F32A7 /* PPComposeToolbar.m in Sources */ = {isa = PBXBuildFile; fileRef = 92F2195D1C4389BC009F32A7 /* PPComposeToolbar.m */; };
		92F219611C44A835009F32A7 /* PPComposePhotosView.m in Sources */ = {isa = PBXBuildFile; fileRef = 92F219601C44A835009F32A7 /* PPComposePhotosView.m */; };
		92F219661C44CD0B009F32A7 /* PPHttpUtils.m in Sources */ = {isa = PBXBuildFile; fileRef = 92F219651C44CD0B009F32A7 /* PPHttpUtils.m */; };
		92F2196D1C44E930009F32A7 /* PPStatusHttpUtils.m in Sources */ = {isa = PBXBuildFile; fileRef = 92F2196C1C44E930009F32A7 /* PPStatusHttpUtils.m */; };
		92F219701C450F0C009F32A7 /* PPUserInfoHttpUtils.m in Sources */ = {isa = PBXBuildFile; fileRef = 92F2196F1C450F0C009F32A7 /* PPUserInfoHttpUtils.m */; };
		92F219751C4605C3009F32A7 /* PPComposeHttpUtils.m in Sources */ = {isa = PBXBuildFile; fileRef = 92F219741C4605C3009F32A7 /* PPComposeHttpUtils.m */; };
		92F219791C46293E009F32A7 /* PPBaseParams.m in Sources */ = {isa = PBXBuildFile; fileRef = 92F219781C46293E009F32A7 /* PPBaseParams.m */; };
		92F2197E1C462E6B009F32A7 /* PPAuthorHttpUtils.m in Sources */ = {isa = PBXBuildFile; fileRef = 92F2197D1C462E6B009F32A7 /* PPAuthorHttpUtils.m */; };
/* End PBXBuildFile section */

/* Begin PBXFileReference section */
		098DAEA937F57124FD098BC7 /* libPods.a */ = {isa = PBXFileReference; explicitFileType = archive.ar; includeInIndex = 0; path = libPods.a; sourceTree = BUILT_PRODUCTS_DIR; };
		6082C9189CE3E1F6A1318C0A /* Pods.release.xcconfig */ = {isa = PBXFileReference; includeInIndex = 1; lastKnownFileType = text.xcconfig; name = Pods.release.xcconfig; path = "Pods/Target Support Files/Pods/Pods.release.xcconfig"; sourceTree = "<group>"; };
		9208936A1BFDD31D003560D6 /* main.m */ = {isa = PBXFileReference; fileEncoding = 4; lastKnownFileType = sourcecode.c.objc; path = main.m; sourceTree = "<group>"; };
		920893721BFDD337003560D6 /* PPHomeViewController.h */ = {isa = PBXFileReference; fileEncoding = 4; lastKnownFileType = sourcecode.c.h; path = PPHomeViewController.h; sourceTree = "<group>"; };
		920893731BFDD337003560D6 /* PPHomeViewController.m */ = {isa = PBXFileReference; fileEncoding = 4; lastKnownFileType = sourcecode.c.objc; path = PPHomeViewController.m; sourceTree = "<group>"; };
		920893761BFDD337003560D6 /* PPDropdownViewController.h */ = {isa = PBXFileReference; fileEncoding = 4; lastKnownFileType = sourcecode.c.h; path = PPDropdownViewController.h; sourceTree = "<group>"; };
		920893771BFDD337003560D6 /* PPDropdownViewController.m */ = {isa = PBXFileReference; fileEncoding = 4; lastKnownFileType = sourcecode.c.objc; path = PPDropdownViewController.m; sourceTree = "<group>"; };
		920893791BFDD337003560D6 /* PPDropdownMenu.h */ = {isa = PBXFileReference; fileEncoding = 4; lastKnownFileType = sourcecode.c.h; path = PPDropdownMenu.h; sourceTree = "<group>"; };
		9208937A1BFDD337003560D6 /* PPDropdownMenu.m */ = {isa = PBXFileReference; fileEncoding = 4; lastKnownFileType = sourcecode.c.objc; path = PPDropdownMenu.m; sourceTree = "<group>"; };
		920893801BFDD337003560D6 /* PPNavigationController.h */ = {isa = PBXFileReference; fileEncoding = 4; lastKnownFileType = sourcecode.c.h; path = PPNavigationController.h; sourceTree = "<group>"; };
		920893811BFDD337003560D6 /* PPNavigationController.m */ = {isa = PBXFileReference; fileEncoding = 4; lastKnownFileType = sourcecode.c.objc; path = PPNavigationController.m; sourceTree = "<group>"; };
		920893821BFDD337003560D6 /* PPSearchBar.h */ = {isa = PBXFileReference; fileEncoding = 4; lastKnownFileType = sourcecode.c.h; path = PPSearchBar.h; sourceTree = "<group>"; };
		920893831BFDD337003560D6 /* PPSearchBar.m */ = {isa = PBXFileReference; fileEncoding = 4; lastKnownFileType = sourcecode.c.objc; path = PPSearchBar.m; sourceTree = "<group>"; };
		920893841BFDD337003560D6 /* PPTabBarController.h */ = {isa = PBXFileReference; fileEncoding = 4; lastKnownFileType = sourcecode.c.h; path = PPTabBarController.h; sourceTree = "<group>"; };
		920893851BFDD337003560D6 /* PPTabBarController.m */ = {isa = PBXFileReference; fileEncoding = 4; lastKnownFileType = sourcecode.c.objc; path = PPTabBarController.m; sourceTree = "<group>"; };
		920893881BFDD337003560D6 /* PPTabBar.h */ = {isa = PBXFileReference; fileEncoding = 4; lastKnownFileType = sourcecode.c.h; path = PPTabBar.h; sourceTree = "<group>"; };
		920893891BFDD337003560D6 /* PPTabBar.m */ = {isa = PBXFileReference; fileEncoding = 4; lastKnownFileType = sourcecode.c.objc; path = PPTabBar.m; sourceTree = "<group>"; };
		9208938E1BFDD337003560D6 /* AppDelegate.h */ = {isa = PBXFileReference; fileEncoding = 4; lastKnownFileType = sourcecode.c.h; path = AppDelegate.h; sourceTree = "<group>"; };
		9208938F1BFDD337003560D6 /* AppDelegate.m */ = {isa = PBXFileReference; fileEncoding = 4; lastKnownFileType = sourcecode.c.objc; path = AppDelegate.m; sourceTree = "<group>"; };
		920893921BFDD337003560D6 /* PPMessageViewController.h */ = {isa = PBXFileReference; fileEncoding = 4; lastKnownFileType = sourcecode.c.h; path = PPMessageViewController.h; sourceTree = "<group>"; };
		920893931BFDD337003560D6 /* PPMessageViewController.m */ = {isa = PBXFileReference; fileEncoding = 4; lastKnownFileType = sourcecode.c.objc; path = PPMessageViewController.m; sourceTree = "<group>"; };
		920893961BFDD337003560D6 /* PPMessageDetailViewController.h */ = {isa = PBXFileReference; fileEncoding = 4; lastKnownFileType = sourcecode.c.h; path = PPMessageDetailViewController.h; sourceTree = "<group>"; };
		920893971BFDD337003560D6 /* PPMessageDetailViewController.m */ = {isa = PBXFileReference; fileEncoding = 4; lastKnownFileType = sourcecode.c.objc; path = PPMessageDetailViewController.m; sourceTree = "<group>"; };
		9208939E1BFDD337003560D6 /* PPNewFeatherViewController.h */ = {isa = PBXFileReference; fileEncoding = 4; lastKnownFileType = sourcecode.c.h; path = PPNewFeatherViewController.h; sourceTree = "<group>"; };
		9208939F1BFDD337003560D6 /* PPNewFeatherViewController.m */ = {isa = PBXFileReference; fileEncoding = 4; lastKnownFileType = sourcecode.c.objc; path = PPNewFeatherViewController.m; sourceTree = "<group>"; };
		920893A41BFDD337003560D6 /* Foundation+Log.m */ = {isa = PBXFileReference; fileEncoding = 4; lastKnownFileType = sourcecode.c.objc; path = "Foundation+Log.m"; sourceTree = "<group>"; };
		920893A61BFDD337003560D6 /* NSDate+Extention.h */ = {isa = PBXFileReference; fileEncoding = 4; lastKnownFileType = sourcecode.c.h; path = "NSDate+Extention.h"; sourceTree = "<group>"; };
		920893A71BFDD337003560D6 /* NSDate+Extention.m */ = {isa = PBXFileReference; fileEncoding = 4; lastKnownFileType = sourcecode.c.objc; path = "NSDate+Extention.m"; sourceTree = "<group>"; };
		920893A81BFDD337003560D6 /* NSDateFormatter+Extention.h */ = {isa = PBXFileReference; fileEncoding = 4; lastKnownFileType = sourcecode.c.h; path = "NSDateFormatter+Extention.h"; sourceTree = "<group>"; };
		920893A91BFDD337003560D6 /* NSDateFormatter+Extention.m */ = {isa = PBXFileReference; fileEncoding = 4; lastKnownFileType = sourcecode.c.objc; path = "NSDateFormatter+Extention.m"; sourceTree = "<group>"; };
		920893AB1BFDD337003560D6 /* NSObject+Log.h */ = {isa = PBXFileReference; fileEncoding = 4; lastKnownFileType = sourcecode.c.h; path = "NSObject+Log.h"; sourceTree = "<group>"; };
		920893AC1BFDD337003560D6 /* NSObject+Log.m */ = {isa = PBXFileReference; fileEncoding = 4; lastKnownFileType = sourcecode.c.objc; path = "NSObject+Log.m"; sourceTree = "<group>"; };
		920893AE1BFDD337003560D6 /* NSString+Extention.h */ = {isa = PBXFileReference; fileEncoding = 4; lastKnownFileType = sourcecode.c.h; path = "NSString+Extention.h"; sourceTree = "<group>"; };
		920893AF1BFDD337003560D6 /* NSString+Extention.m */ = {isa = PBXFileReference; fileEncoding = 4; lastKnownFileType = sourcecode.c.objc; path = "NSString+Extention.m"; sourceTree = "<group>"; };
		920893B11BFDD337003560D6 /* UIBarButtonItem+Extension.h */ = {isa = PBXFileReference; fileEncoding = 4; lastKnownFileType = sourcecode.c.h; path = "UIBarButtonItem+Extension.h"; sourceTree = "<group>"; };
		920893B21BFDD337003560D6 /* UIBarButtonItem+Extension.m */ = {isa = PBXFileReference; fileEncoding = 4; lastKnownFileType = sourcecode.c.objc; path = "UIBarButtonItem+Extension.m"; sourceTree = "<group>"; };
		920893B41BFDD337003560D6 /* MyButton.h */ = {isa = PBXFileReference; fileEncoding = 4; lastKnownFileType = sourcecode.c.h; path = MyButton.h; sourceTree = "<group>"; };
		920893B51BFDD337003560D6 /* MyButton.m */ = {isa = PBXFileReference; fileEncoding = 4; lastKnownFileType = sourcecode.c.objc; path = MyButton.m; sourceTree = "<group>"; };
		920893B71BFDD337003560D6 /* UIColor+Random.h */ = {isa = PBXFileReference; fileEncoding = 4; lastKnownFileType = sourcecode.c.h; path = "UIColor+Random.h"; sourceTree = "<group>"; };
		920893B81BFDD337003560D6 /* UIColor+Random.m */ = {isa = PBXFileReference; fileEncoding = 4; lastKnownFileType = sourcecode.c.objc; path = "UIColor+Random.m"; sourceTree = "<group>"; };
		920893BA1BFDD337003560D6 /* UIImage+Extention.h */ = {isa = PBXFileReference; fileEncoding = 4; lastKnownFileType = sourcecode.c.h; path = "UIImage+Extention.h"; sourceTree = "<group>"; };
		920893BB1BFDD337003560D6 /* UIImage+Extention.m */ = {isa = PBXFileReference; fileEncoding = 4; lastKnownFileType = sourcecode.c.objc; path = "UIImage+Extention.m"; sourceTree = "<group>"; };
		920893BD1BFDD337003560D6 /* UIResponder+Router.h */ = {isa = PBXFileReference; fileEncoding = 4; lastKnownFileType = sourcecode.c.h; path = "UIResponder+Router.h"; sourceTree = "<group>"; };
		920893BE1BFDD337003560D6 /* UIResponder+Router.m */ = {isa = PBXFileReference; fileEncoding = 4; lastKnownFileType = sourcecode.c.objc; path = "UIResponder+Router.m"; sourceTree = "<group>"; };
		920893C01BFDD337003560D6 /* UITextField+Extention.h */ = {isa = PBXFileReference; fileEncoding = 4; lastKnownFileType = sourcecode.c.h; path = "UITextField+Extention.h"; sourceTree = "<group>"; };
		920893C11BFDD337003560D6 /* UITextField+Extention.m */ = {isa = PBXFileReference; fileEncoding = 4; lastKnownFileType = sourcecode.c.objc; path = "UITextField+Extention.m"; sourceTree = "<group>"; };
		920893C31BFDD337003560D6 /* UITextView+Extention.h */ = {isa = PBXFileReference; fileEncoding = 4; lastKnownFileType = sourcecode.c.h; path = "UITextView+Extention.h"; sourceTree = "<group>"; };
		920893C41BFDD337003560D6 /* UITextView+Extention.m */ = {isa = PBXFileReference; fileEncoding = 4; lastKnownFileType = sourcecode.c.objc; path = "UITextView+Extention.m"; sourceTree = "<group>"; };
		920893C61BFDD337003560D6 /* UIView+Extension.h */ = {isa = PBXFileReference; fileEncoding = 4; lastKnownFileType = sourcecode.c.h; path = "UIView+Extension.h"; sourceTree = "<group>"; };
		920893C71BFDD337003560D6 /* UIView+Extension.m */ = {isa = PBXFileReference; fileEncoding = 4; lastKnownFileType = sourcecode.c.objc; path = "UIView+Extension.m"; sourceTree = "<group>"; };
		920893C91BFDD337003560D6 /* UIViewController+Extention.h */ = {isa = PBXFileReference; fileEncoding = 4; lastKnownFileType = sourcecode.c.h; path = "UIViewController+Extention.h"; sourceTree = "<group>"; };
		920893CA1BFDD337003560D6 /* UIViewController+Extention.m */ = {isa = PBXFileReference; fileEncoding = 4; lastKnownFileType = sourcecode.c.objc; path = "UIViewController+Extention.m"; sourceTree = "<group>"; };
		920893CE1BFDD337003560D6 /* UIWindow+Extension.h */ = {isa = PBXFileReference; fileEncoding = 4; lastKnownFileType = sourcecode.c.h; path = "UIWindow+Extension.h"; sourceTree = "<group>"; };
		920893CF1BFDD337003560D6 /* UIWindow+Extension.m */ = {isa = PBXFileReference; fileEncoding = 4; lastKnownFileType = sourcecode.c.objc; path = "UIWindow+Extension.m"; sourceTree = "<group>"; };
		920893D21BFDD337003560D6 /* MBProgressHUD+MJ.h */ = {isa = PBXFileReference; fileEncoding = 4; lastKnownFileType = sourcecode.c.h; path = "MBProgressHUD+MJ.h"; sourceTree = "<group>"; };
		920893D31BFDD337003560D6 /* MBProgressHUD+MJ.m */ = {isa = PBXFileReference; fileEncoding = 4; lastKnownFileType = sourcecode.c.objc; path = "MBProgressHUD+MJ.m"; sourceTree = "<group>"; };
		920893D91BFDD337003560D6 /* PPProfileViewController.h */ = {isa = PBXFileReference; fileEncoding = 4; lastKnownFileType = sourcecode.c.h; path = PPProfileViewController.h; sourceTree = "<group>"; };
		920893DA1BFDD337003560D6 /* PPProfileViewController.m */ = {isa = PBXFileReference; fileEncoding = 4; lastKnownFileType = sourcecode.c.objc; path = PPProfileViewController.m; sourceTree = "<group>"; };
		920893FF1BFDDBB2003560D6 /* PPDiscoverViewController.h */ = {isa = PBXFileReference; fileEncoding = 4; lastKnownFileType = sourcecode.c.h; path = PPDiscoverViewController.h; sourceTree = "<group>"; };
		920894001BFDDBB2003560D6 /* PPDiscoverViewController.m */ = {isa = PBXFileReference; fileEncoding = 4; lastKnownFileType = sourcecode.c.objc; path = PPDiscoverViewController.m; sourceTree = "<group>"; };
		92527BE71C3D1ED700377FC6 /* PPStatusPhotoView.h */ = {isa = PBXFileReference; fileEncoding = 4; lastKnownFileType = sourcecode.c.h; path = PPStatusPhotoView.h; sourceTree = "<group>"; };
		92527BE81C3D1ED700377FC6 /* PPStatusPhotoView.m */ = {isa = PBXFileReference; fileEncoding = 4; lastKnownFileType = sourcecode.c.objc; path = PPStatusPhotoView.m; sourceTree = "<group>"; };
		92527BEA1C3E6D0700377FC6 /* PPStatusImageView.h */ = {isa = PBXFileReference; fileEncoding = 4; lastKnownFileType = sourcecode.c.h; path = PPStatusImageView.h; sourceTree = "<group>"; };
		92527BEB1C3E6D0700377FC6 /* PPStatusImageView.m */ = {isa = PBXFileReference; fileEncoding = 4; lastKnownFileType = sourcecode.c.objc; path = PPStatusImageView.m; sourceTree = "<group>"; };
		92527BF21C3F65EA00377FC6 /* PPIconView.h */ = {isa = PBXFileReference; fileEncoding = 4; lastKnownFileType = sourcecode.c.h; path = PPIconView.h; sourceTree = "<group>"; };
		92527BF31C3F65EA00377FC6 /* PPIconView.m */ = {isa = PBXFileReference; fileEncoding = 4; lastKnownFileType = sourcecode.c.objc; path = PPIconView.m; sourceTree = "<group>"; };
		92527BF91C3F980B00377FC6 /* PPComposeViewController.h */ = {isa = PBXFileReference; fileEncoding = 4; lastKnownFileType = sourcecode.c.h; path = PPComposeViewController.h; sourceTree = "<group>"; };
		92527BFA1C3F980B00377FC6 /* PPComposeViewController.m */ = {isa = PBXFileReference; fileEncoding = 4; lastKnownFileType = sourcecode.c.objc; path = PPComposeViewController.m; sourceTree = "<group>"; };
		92527BFC1C3FB75B00377FC6 /* PPTextView.h */ = {isa = PBXFileReference; fileEncoding = 4; lastKnownFileType = sourcecode.c.h; path = PPTextView.h; sourceTree = "<group>"; };
		92527BFD1C3FB75B00377FC6 /* PPTextView.m */ = {isa = PBXFileReference; fileEncoding = 4; lastKnownFileType = sourcecode.c.objc; path = PPTextView.m; sourceTree = "<group>"; };
		92527BFF1C3FC23A00377FC6 /* Header.h */ = {isa = PBXFileReference; fileEncoding = 4; lastKnownFileType = sourcecode.c.h; path = Header.h; sourceTree = "<group>"; };
		92B2D2481C03079C00335F36 /* PPAuthViewController.h */ = {isa = PBXFileReference; fileEncoding = 4; lastKnownFileType = sourcecode.c.h; path = PPAuthViewController.h; sourceTree = "<group>"; };
		92B2D2491C03079C00335F36 /* PPAuthViewController.m */ = {isa = PBXFileReference; fileEncoding = 4; lastKnownFileType = sourcecode.c.objc; path = PPAuthViewController.m; sourceTree = "<group>"; };
		92B2D26A1C032CE000335F36 /* PPAccount.h */ = {isa = PBXFileReference; fileEncoding = 4; lastKnownFileType = sourcecode.c.h; path = PPAccount.h; sourceTree = "<group>"; };
		92B2D26B1C032CE000335F36 /* PPAccount.m */ = {isa = PBXFileReference; fileEncoding = 4; lastKnownFileType = sourcecode.c.objc; path = PPAccount.m; sourceTree = "<group>"; };
		92B2D2711C035FC800335F36 /* PPAccountManager.h */ = {isa = PBXFileReference; fileEncoding = 4; lastKnownFileType = sourcecode.c.h; path = PPAccountManager.h; sourceTree = "<group>"; };
		92B2D2721C035FC800335F36 /* PPAccountManager.m */ = {isa = PBXFileReference; fileEncoding = 4; lastKnownFileType = sourcecode.c.objc; path = PPAccountManager.m; sourceTree = "<group>"; };
		92B2D2751C035FE900335F36 /* PPConst.h */ = {isa = PBXFileReference; fileEncoding = 4; lastKnownFileType = sourcecode.c.h; path = PPConst.h; sourceTree = "<group>"; };
		92B2D2761C035FE900335F36 /* PPConst.m */ = {isa = PBXFileReference; fileEncoding = 4; lastKnownFileType = sourcecode.c.objc; path = PPConst.m; sourceTree = "<group>"; };
		92BDFE081BF06ED300FF548D /* PPZone.app */ = {isa = PBXFileReference; explicitFileType = wrapper.application; includeInIndex = 0; path = PPZone.app; sourceTree = BUILT_PRODUCTS_DIR; };
		92BDFE151BF06ED300FF548D /* Base */ = {isa = PBXFileReference; lastKnownFileType = file.storyboard; name = Base; path = Base.lproj/Main.storyboard; sourceTree = "<group>"; };
		92BDFE171BF06ED300FF548D /* Assets.xcassets */ = {isa = PBXFileReference; lastKnownFileType = folder.assetcatalog; path = Assets.xcassets; sourceTree = "<group>"; };
		92BDFE1C1BF06ED300FF548D /* Info.plist */ = {isa = PBXFileReference; lastKnownFileType = text.plist.xml; path = Info.plist; sourceTree = "<group>"; };
		92BDFE2F1BF08BEE00FF548D /* PrefixHeader.pch */ = {isa = PBXFileReference; fileEncoding = 4; lastKnownFileType = sourcecode.c.h; path = PrefixHeader.pch; sourceTree = "<group>"; };
		92DFAB7D1C044E0600FEB988 /* PPUser.h */ = {isa = PBXFileReference; fileEncoding = 4; lastKnownFileType = sourcecode.c.h; path = PPUser.h; sourceTree = "<group>"; };
		92DFAB7E1C044E0600FEB988 /* PPUser.m */ = {isa = PBXFileReference; fileEncoding = 4; lastKnownFileType = sourcecode.c.objc; path = PPUser.m; sourceTree = "<group>"; };
		92DFAB801C044E3F00FEB988 /* PPStatus.h */ = {isa = PBXFileReference; fileEncoding = 4; lastKnownFileType = sourcecode.c.h; path = PPStatus.h; sourceTree = "<group>"; };
		92DFAB811C044E3F00FEB988 /* PPStatus.m */ = {isa = PBXFileReference; fileEncoding = 4; lastKnownFileType = sourcecode.c.objc; path = PPStatus.m; sourceTree = "<group>"; };
		92DFAB8B1C059F6F00FEB988 /* PPLoadMoreFooter.h */ = {isa = PBXFileReference; fileEncoding = 4; lastKnownFileType = sourcecode.c.h; path = PPLoadMoreFooter.h; sourceTree = "<group>"; };
		92DFAB8C1C059F6F00FEB988 /* PPLoadMoreFooter.m */ = {isa = PBXFileReference; fileEncoding = 4; lastKnownFileType = sourcecode.c.objc; path = PPLoadMoreFooter.m; sourceTree = "<group>"; };
		92DFAB8D1C059F6F00FEB988 /* PPLoadMoreFooter.xib */ = {isa = PBXFileReference; fileEncoding = 4; lastKnownFileType = file.xib; path = PPLoadMoreFooter.xib; sourceTree = "<group>"; };
		92DFAB8F1C059F6F00FEB988 /* PPTitleButton.h */ = {isa = PBXFileReference; fileEncoding = 4; lastKnownFileType = sourcecode.c.h; path = PPTitleButton.h; sourceTree = "<group>"; };
		92DFAB901C059F6F00FEB988 /* PPTitleButton.m */ = {isa = PBXFileReference; fileEncoding = 4; lastKnownFileType = sourcecode.c.objc; path = PPTitleButton.m; sourceTree = "<group>"; };
		92DFAB941C059FA400FEB988 /* PPStatusCell.h */ = {isa = PBXFileReference; fileEncoding = 4; lastKnownFileType = sourcecode.c.h; path = PPStatusCell.h; sourceTree = "<group>"; };
		92DFAB951C059FA400FEB988 /* PPStatusCell.m */ = {isa = PBXFileReference; fileEncoding = 4; lastKnownFileType = sourcecode.c.objc; path = PPStatusCell.m; sourceTree = "<group>"; };
		92DFAB991C05A12300FEB988 /* PPStatusFrame.h */ = {isa = PBXFileReference; fileEncoding = 4; lastKnownFileType = sourcecode.c.h; path = PPStatusFrame.h; sourceTree = "<group>"; };
		92DFAB9A1C05A12300FEB988 /* PPStatusFrame.m */ = {isa = PBXFileReference; fileEncoding = 4; lastKnownFileType = sourcecode.c.objc; path = PPStatusFrame.m; sourceTree = "<group>"; };
		92DFAB9C1C05AE1200FEB988 /* PPPhoto.h */ = {isa = PBXFileReference; fileEncoding = 4; lastKnownFileType = sourcecode.c.h; path = PPPhoto.h; sourceTree = "<group>"; };
		92DFAB9D1C05AE1200FEB988 /* PPPhoto.m */ = {isa = PBXFileReference; fileEncoding = 4; lastKnownFileType = sourcecode.c.objc; path = PPPhoto.m; sourceTree = "<group>"; };
		92DFABA01C05B16800FEB988 /* PPToolbar.h */ = {isa = PBXFileReference; fileEncoding = 4; lastKnownFileType = sourcecode.c.h; path = PPToolbar.h; sourceTree = "<group>"; };
		92DFABA11C05B16800FEB988 /* PPToolbar.m */ = {isa = PBXFileReference; fileEncoding = 4; lastKnownFileType = sourcecode.c.objc; path = PPToolbar.m; sourceTree = "<group>"; };
		92F2195C1C4389BC009F32A7 /* PPComposeToolbar.h */ = {isa = PBXFileReference; fileEncoding = 4; lastKnownFileType = sourcecode.c.h; path = PPComposeToolbar.h; sourceTree = "<group>"; };
		92F2195D1C4389BC009F32A7 /* PPComposeToolbar.m */ = {isa = PBXFileReference; fileEncoding = 4; lastKnownFileType = sourcecode.c.objc; path = PPComposeToolbar.m; sourceTree = "<group>"; };
		92F2195F1C44A835009F32A7 /* PPComposePhotosView.h */ = {isa = PBXFileReference; fileEncoding = 4; lastKnownFileType = sourcecode.c.h; path = PPComposePhotosView.h; sourceTree = "<group>"; };
		92F219601C44A835009F32A7 /* PPComposePhotosView.m */ = {isa = PBXFileReference; fileEncoding = 4; lastKnownFileType = sourcecode.c.objc; path = PPComposePhotosView.m; sourceTree = "<group>"; };
		92F219641C44CD0B009F32A7 /* PPHttpUtils.h */ = {isa = PBXFileReference; fileEncoding = 4; lastKnownFileType = sourcecode.c.h; path = PPHttpUtils.h; sourceTree = "<group>"; };
		92F219651C44CD0B009F32A7 /* PPHttpUtils.m */ = {isa = PBXFileReference; fileEncoding = 4; lastKnownFileType = sourcecode.c.objc; path = PPHttpUtils.m; sourceTree = "<group>"; };
		92F219681C44CDED009F32A7 /* Singleton.h */ = {isa = PBXFileReference; fileEncoding = 4; lastKnownFileType = sourcecode.c.h; path = Singleton.h; sourceTree = "<group>"; };
		92F2196B1C44E930009F32A7 /* PPStatusHttpUtils.h */ = {isa = PBXFileReference; fileEncoding = 4; lastKnownFileType = sourcecode.c.h; path = PPStatusHttpUtils.h; sourceTree = "<group>"; };
		92F2196C1C44E930009F32A7 /* PPStatusHttpUtils.m */ = {isa = PBXFileReference; fileEncoding = 4; lastKnownFileType = sourcecode.c.objc; path = PPStatusHttpUtils.m; sourceTree = "<group>"; };
		92F2196E1C450F0C009F32A7 /* PPUserInfoHttpUtils.h */ = {isa = PBXFileReference; fileEncoding = 4; lastKnownFileType = sourcecode.c.h; path = PPUserInfoHttpUtils.h; sourceTree = "<group>"; };
		92F2196F1C450F0C009F32A7 /* PPUserInfoHttpUtils.m */ = {isa = PBXFileReference; fileEncoding = 4; lastKnownFileType = sourcecode.c.objc; path = PPUserInfoHttpUtils.m; sourceTree = "<group>"; };
		92F219731C4605C3009F32A7 /* PPComposeHttpUtils.h */ = {isa = PBXFileReference; fileEncoding = 4; lastKnownFileType = sourcecode.c.h; path = PPComposeHttpUtils.h; sourceTree = "<group>"; };
		92F219741C4605C3009F32A7 /* PPComposeHttpUtils.m */ = {isa = PBXFileReference; fileEncoding = 4; lastKnownFileType = sourcecode.c.objc; path = PPComposeHttpUtils.m; sourceTree = "<group>"; };
		92F219771C46293E009F32A7 /* PPBaseParams.h */ = {isa = PBXFileReference; fileEncoding = 4; lastKnownFileType = sourcecode.c.h; path = PPBaseParams.h; sourceTree = "<group>"; };
		92F219781C46293E009F32A7 /* PPBaseParams.m */ = {isa = PBXFileReference; fileEncoding = 4; lastKnownFileType = sourcecode.c.objc; path = PPBaseParams.m; sourceTree = "<group>"; };
		92F2197C1C462E6B009F32A7 /* PPAuthorHttpUtils.h */ = {isa = PBXFileReference; fileEncoding = 4; lastKnownFileType = sourcecode.c.h; path = PPAuthorHttpUtils.h; sourceTree = "<group>"; };
		92F2197D1C462E6B009F32A7 /* PPAuthorHttpUtils.m */ = {isa = PBXFileReference; fileEncoding = 4; lastKnownFileType = sourcecode.c.objc; path = PPAuthorHttpUtils.m; sourceTree = "<group>"; };
		95529DCEE65CBA596A6B10C7 /* Pods.debug.xcconfig */ = {isa = PBXFileReference; includeInIndex = 1; lastKnownFileType = text.xcconfig; name = Pods.debug.xcconfig; path = "Pods/Target Support Files/Pods/Pods.debug.xcconfig"; sourceTree = "<group>"; };
/* End PBXFileReference section */

/* Begin PBXFrameworksBuildPhase section */
		92BDFE051BF06ED300FF548D /* Frameworks */ = {
			isa = PBXFrameworksBuildPhase;
			buildActionMask = 2147483647;
			files = (
				04780DC62B7FD88E0F75C911 /* libPods.a in Frameworks */,
			);
			runOnlyForDeploymentPostprocessing = 0;
		};
/* End PBXFrameworksBuildPhase section */

/* Begin PBXGroup section */
		0B18289EA164911C39CD33CC /* Frameworks */ = {
			isa = PBXGroup;
			children = (
				098DAEA937F57124FD098BC7 /* libPods.a */,
			);
			name = Frameworks;
			sourceTree = "<group>";
		};
		30C4B51DA5BB8EF3C4E8810A /* Pods */ = {
			isa = PBXGroup;
			children = (
				95529DCEE65CBA596A6B10C7 /* Pods.debug.xcconfig */,
				6082C9189CE3E1F6A1318C0A /* Pods.release.xcconfig */,
			);
			name = Pods;
			sourceTree = "<group>";
		};
		9208936C1BFDD337003560D6 /* Classes */ = {
			isa = PBXGroup;
			children = (
				92B2D2461C03078600335F36 /* OAuth */,
				9208937D1BFDD337003560D6 /* Main */,
				9208939C1BFDD337003560D6 /* NewFeather */,
				92527BF51C3F97E900377FC6 /* Compose */,
				920893701BFDD337003560D6 /* Home */,
				920893901BFDD337003560D6 /* Message */,
				920893FD1BFDDBB2003560D6 /* Discover */,
				920893D51BFDD337003560D6 /* Profile */,
				920893A21BFDD337003560D6 /* Others */,
			);
			path = Classes;
			sourceTree = "<group>";
		};
		920893701BFDD337003560D6 /* Home */ = {
			isa = PBXGroup;
			children = (
				92F219691C44E8F5009F32A7 /* Utils(业务工具类) */,
				920893741BFDD337003560D6 /* Dropdown */,
				920893711BFDD337003560D6 /* Controllers */,
				92DFAB881C059F6F00FEB988 /* Views */,
				9208937B1BFDD337003560D6 /* Models */,
			);
			path = Home;
			sourceTree = "<group>";
		};
		920893711BFDD337003560D6 /* Controllers */ = {
			isa = PBXGroup;
			children = (
				920893721BFDD337003560D6 /* PPHomeViewController.h */,
				920893731BFDD337003560D6 /* PPHomeViewController.m */,
			);
			path = Controllers;
			sourceTree = "<group>";
		};
		920893741BFDD337003560D6 /* Dropdown */ = {
			isa = PBXGroup;
			children = (
				920893751BFDD337003560D6 /* Controllers */,
				920893781BFDD337003560D6 /* Views */,
			);
			path = Dropdown;
			sourceTree = "<group>";
		};
		920893751BFDD337003560D6 /* Controllers */ = {
			isa = PBXGroup;
			children = (
				920893761BFDD337003560D6 /* PPDropdownViewController.h */,
				920893771BFDD337003560D6 /* PPDropdownViewController.m */,
			);
			path = Controllers;
			sourceTree = "<group>";
		};
		920893781BFDD337003560D6 /* Views */ = {
			isa = PBXGroup;
			children = (
				920893791BFDD337003560D6 /* PPDropdownMenu.h */,
				9208937A1BFDD337003560D6 /* PPDropdownMenu.m */,
			);
			path = Views;
			sourceTree = "<group>";
		};
		9208937B1BFDD337003560D6 /* Models */ = {
			isa = PBXGroup;
			children = (
				92DFAB7D1C044E0600FEB988 /* PPUser.h */,
				92DFAB7E1C044E0600FEB988 /* PPUser.m */,
				92DFAB801C044E3F00FEB988 /* PPStatus.h */,
				92DFAB811C044E3F00FEB988 /* PPStatus.m */,
				92DFAB991C05A12300FEB988 /* PPStatusFrame.h */,
				92DFAB9A1C05A12300FEB988 /* PPStatusFrame.m */,
				92DFAB9C1C05AE1200FEB988 /* PPPhoto.h */,
				92DFAB9D1C05AE1200FEB988 /* PPPhoto.m */,
			);
			path = Models;
			sourceTree = "<group>";
		};
		9208937D1BFDD337003560D6 /* Main */ = {
			isa = PBXGroup;
			children = (
				9208937E1BFDD337003560D6 /* Common */,
				9208938A1BFDD337003560D6 /* TOOLS */,
				9208938D1BFDD337003560D6 /* Window */,
			);
			path = Main;
			sourceTree = "<group>";
		};
		9208937E1BFDD337003560D6 /* Common */ = {
			isa = PBXGroup;
			children = (
				9208937F1BFDD337003560D6 /* Controllers */,
				920893861BFDD337003560D6 /* Models */,
				920893871BFDD337003560D6 /* Views */,
			);
			path = Common;
			sourceTree = "<group>";
		};
		9208937F1BFDD337003560D6 /* Controllers */ = {
			isa = PBXGroup;
			children = (
				920893801BFDD337003560D6 /* PPNavigationController.h */,
				920893811BFDD337003560D6 /* PPNavigationController.m */,
				920893821BFDD337003560D6 /* PPSearchBar.h */,
				920893831BFDD337003560D6 /* PPSearchBar.m */,
				920893841BFDD337003560D6 /* PPTabBarController.h */,
				920893851BFDD337003560D6 /* PPTabBarController.m */,
			);
			path = Controllers;
			sourceTree = "<group>";
		};
		920893861BFDD337003560D6 /* Models */ = {
			isa = PBXGroup;
			children = (
				92F219761C462909009F32A7 /* PPBaseParams */,
			);
			path = Models;
			sourceTree = "<group>";
		};
		920893871BFDD337003560D6 /* Views */ = {
			isa = PBXGroup;
			children = (
				92527BF11C3F65EA00377FC6 /* iconView */,
				920893881BFDD337003560D6 /* PPTabBar.h */,
				920893891BFDD337003560D6 /* PPTabBar.m */,
			);
			path = Views;
			sourceTree = "<group>";
		};
		9208938A1BFDD337003560D6 /* TOOLS */ = {
			isa = PBXGroup;
			children = (
				92F219621C44CCD0009F32A7 /* Utils */,
				92B2D2741C035FE900335F36 /* Const */,
			);
			path = TOOLS;
			sourceTree = "<group>";
		};
		9208938D1BFDD337003560D6 /* Window */ = {
			isa = PBXGroup;
			children = (
				9208938E1BFDD337003560D6 /* AppDelegate.h */,
				9208938F1BFDD337003560D6 /* AppDelegate.m */,
			);
			path = Window;
			sourceTree = "<group>";
		};
		920893901BFDD337003560D6 /* Message */ = {
			isa = PBXGroup;
			children = (
				920893911BFDD337003560D6 /* Controllers */,
				920893941BFDD337003560D6 /* DetailMessage */,
				9208939A1BFDD337003560D6 /* Models */,
				9208939B1BFDD337003560D6 /* Views */,
			);
			path = Message;
			sourceTree = "<group>";
		};
		920893911BFDD337003560D6 /* Controllers */ = {
			isa = PBXGroup;
			children = (
				920893921BFDD337003560D6 /* PPMessageViewController.h */,
				920893931BFDD337003560D6 /* PPMessageViewController.m */,
			);
			path = Controllers;
			sourceTree = "<group>";
		};
		920893941BFDD337003560D6 /* DetailMessage */ = {
			isa = PBXGroup;
			children = (
				920893951BFDD337003560D6 /* Controllers */,
				920893981BFDD337003560D6 /* Models */,
				920893991BFDD337003560D6 /* Views */,
			);
			path = DetailMessage;
			sourceTree = "<group>";
		};
		920893951BFDD337003560D6 /* Controllers */ = {
			isa = PBXGroup;
			children = (
				920893961BFDD337003560D6 /* PPMessageDetailViewController.h */,
				920893971BFDD337003560D6 /* PPMessageDetailViewController.m */,
			);
			path = Controllers;
			sourceTree = "<group>";
		};
		920893981BFDD337003560D6 /* Models */ = {
			isa = PBXGroup;
			children = (
			);
			path = Models;
			sourceTree = "<group>";
		};
		920893991BFDD337003560D6 /* Views */ = {
			isa = PBXGroup;
			children = (
			);
			path = Views;
			sourceTree = "<group>";
		};
		9208939A1BFDD337003560D6 /* Models */ = {
			isa = PBXGroup;
			children = (
			);
			path = Models;
			sourceTree = "<group>";
		};
		9208939B1BFDD337003560D6 /* Views */ = {
			isa = PBXGroup;
			children = (
			);
			path = Views;
			sourceTree = "<group>";
		};
		9208939C1BFDD337003560D6 /* NewFeather */ = {
			isa = PBXGroup;
			children = (
				9208939D1BFDD337003560D6 /* Controllers */,
				920893A01BFDD337003560D6 /* Models */,
				920893A11BFDD337003560D6 /* Views */,
			);
			path = NewFeather;
			sourceTree = "<group>";
		};
		9208939D1BFDD337003560D6 /* Controllers */ = {
			isa = PBXGroup;
			children = (
				9208939E1BFDD337003560D6 /* PPNewFeatherViewController.h */,
				9208939F1BFDD337003560D6 /* PPNewFeatherViewController.m */,
			);
			path = Controllers;
			sourceTree = "<group>";
		};
		920893A01BFDD337003560D6 /* Models */ = {
			isa = PBXGroup;
			children = (
			);
			path = Models;
			sourceTree = "<group>";
		};
		920893A11BFDD337003560D6 /* Views */ = {
			isa = PBXGroup;
			children = (
			);
			path = Views;
			sourceTree = "<group>";
		};
		920893A21BFDD337003560D6 /* Others */ = {
			isa = PBXGroup;
			children = (
				920893A31BFDD337003560D6 /* Category */,
				920893D01BFDD337003560D6 /* Lib */,
			);
			path = Others;
			sourceTree = "<group>";
		};
		920893A31BFDD337003560D6 /* Category */ = {
			isa = PBXGroup;
			children = (
				920893A41BFDD337003560D6 /* Foundation+Log.m */,
				920893A51BFDD337003560D6 /* NSDate+Extention */,
				920893AA1BFDD337003560D6 /* NSObject+Extention */,
				920893AD1BFDD337003560D6 /* NSString+Extention */,
				920893B01BFDD337003560D6 /* UIBarButtonItem+Extension */,
				920893B31BFDD337003560D6 /* UIButton_Classes */,
				920893B61BFDD337003560D6 /* UIColor_random */,
				920893B91BFDD337003560D6 /* UIImage+Extention */,
				920893BC1BFDD337003560D6 /* UIResponder+Extention */,
				920893BF1BFDD337003560D6 /* UITextField+Extention */,
				920893C21BFDD337003560D6 /* UITextview+Extention */,
				920893C51BFDD337003560D6 /* UIView+Extention */,
				920893C81BFDD337003560D6 /* UIViewController+Extention */,
				920893CD1BFDD337003560D6 /* UIWindow+Extention */,
			);
			path = Category;
			sourceTree = "<group>";
		};
		920893A51BFDD337003560D6 /* NSDate+Extention */ = {
			isa = PBXGroup;
			children = (
				920893A61BFDD337003560D6 /* NSDate+Extention.h */,
				920893A71BFDD337003560D6 /* NSDate+Extention.m */,
				920893A81BFDD337003560D6 /* NSDateFormatter+Extention.h */,
				920893A91BFDD337003560D6 /* NSDateFormatter+Extention.m */,
			);
			path = "NSDate+Extention";
			sourceTree = "<group>";
		};
		920893AA1BFDD337003560D6 /* NSObject+Extention */ = {
			isa = PBXGroup;
			children = (
				920893AB1BFDD337003560D6 /* NSObject+Log.h */,
				920893AC1BFDD337003560D6 /* NSObject+Log.m */,
			);
			path = "NSObject+Extention";
			sourceTree = "<group>";
		};
		920893AD1BFDD337003560D6 /* NSString+Extention */ = {
			isa = PBXGroup;
			children = (
				920893AE1BFDD337003560D6 /* NSString+Extention.h */,
				920893AF1BFDD337003560D6 /* NSString+Extention.m */,
			);
			path = "NSString+Extention";
			sourceTree = "<group>";
		};
		920893B01BFDD337003560D6 /* UIBarButtonItem+Extension */ = {
			isa = PBXGroup;
			children = (
				920893B11BFDD337003560D6 /* UIBarButtonItem+Extension.h */,
				920893B21BFDD337003560D6 /* UIBarButtonItem+Extension.m */,
			);
			path = "UIBarButtonItem+Extension";
			sourceTree = "<group>";
		};
		920893B31BFDD337003560D6 /* UIButton_Classes */ = {
			isa = PBXGroup;
			children = (
				920893B41BFDD337003560D6 /* MyButton.h */,
				920893B51BFDD337003560D6 /* MyButton.m */,
			);
			path = UIButton_Classes;
			sourceTree = "<group>";
		};
		920893B61BFDD337003560D6 /* UIColor_random */ = {
			isa = PBXGroup;
			children = (
				920893B71BFDD337003560D6 /* UIColor+Random.h */,
				920893B81BFDD337003560D6 /* UIColor+Random.m */,
			);
			path = UIColor_random;
			sourceTree = "<group>";
		};
		920893B91BFDD337003560D6 /* UIImage+Extention */ = {
			isa = PBXGroup;
			children = (
				920893BA1BFDD337003560D6 /* UIImage+Extention.h */,
				920893BB1BFDD337003560D6 /* UIImage+Extention.m */,
			);
			path = "UIImage+Extention";
			sourceTree = "<group>";
		};
		920893BC1BFDD337003560D6 /* UIResponder+Extention */ = {
			isa = PBXGroup;
			children = (
				920893BD1BFDD337003560D6 /* UIResponder+Router.h */,
				920893BE1BFDD337003560D6 /* UIResponder+Router.m */,
			);
			path = "UIResponder+Extention";
			sourceTree = "<group>";
		};
		920893BF1BFDD337003560D6 /* UITextField+Extention */ = {
			isa = PBXGroup;
			children = (
				920893C01BFDD337003560D6 /* UITextField+Extention.h */,
				920893C11BFDD337003560D6 /* UITextField+Extention.m */,
			);
			path = "UITextField+Extention";
			sourceTree = "<group>";
		};
		920893C21BFDD337003560D6 /* UITextview+Extention */ = {
			isa = PBXGroup;
			children = (
				920893C31BFDD337003560D6 /* UITextView+Extention.h */,
				920893C41BFDD337003560D6 /* UITextView+Extention.m */,
			);
			path = "UITextview+Extention";
			sourceTree = "<group>";
		};
		920893C51BFDD337003560D6 /* UIView+Extention */ = {
			isa = PBXGroup;
			children = (
				920893C61BFDD337003560D6 /* UIView+Extension.h */,
				920893C71BFDD337003560D6 /* UIView+Extension.m */,
			);
			path = "UIView+Extention";
			sourceTree = "<group>";
		};
		920893C81BFDD337003560D6 /* UIViewController+Extention */ = {
			isa = PBXGroup;
			children = (
				920893C91BFDD337003560D6 /* UIViewController+Extention.h */,
				920893CA1BFDD337003560D6 /* UIViewController+Extention.m */,
			);
			path = "UIViewController+Extention";
			sourceTree = "<group>";
		};
		920893CD1BFDD337003560D6 /* UIWindow+Extention */ = {
			isa = PBXGroup;
			children = (
				920893CE1BFDD337003560D6 /* UIWindow+Extension.h */,
				920893CF1BFDD337003560D6 /* UIWindow+Extension.m */,
			);
			path = "UIWindow+Extention";
			sourceTree = "<group>";
		};
		920893D01BFDD337003560D6 /* Lib */ = {
			isa = PBXGroup;
			children = (
				920893D11BFDD337003560D6 /* MBProgressHUD */,
				920893D41BFDD337003560D6 /* SDWebImage */,
			);
			path = Lib;
			sourceTree = "<group>";
		};
		920893D11BFDD337003560D6 /* MBProgressHUD */ = {
			isa = PBXGroup;
			children = (
				920893D21BFDD337003560D6 /* MBProgressHUD+MJ.h */,
				920893D31BFDD337003560D6 /* MBProgressHUD+MJ.m */,
			);
			path = MBProgressHUD;
			sourceTree = "<group>";
		};
		920893D41BFDD337003560D6 /* SDWebImage */ = {
			isa = PBXGroup;
			children = (
			);
			path = SDWebImage;
			sourceTree = "<group>";
		};
		920893D51BFDD337003560D6 /* Profile */ = {
			isa = PBXGroup;
			children = (
				920893D61BFDD337003560D6 /* Controllers */,
				920893DB1BFDD337003560D6 /* Models */,
				920893DC1BFDD337003560D6 /* Views */,
			);
			path = Profile;
			sourceTree = "<group>";
		};
		920893D61BFDD337003560D6 /* Controllers */ = {
			isa = PBXGroup;
			children = (
				920893D91BFDD337003560D6 /* PPProfileViewController.h */,
				920893DA1BFDD337003560D6 /* PPProfileViewController.m */,
			);
			path = Controllers;
			sourceTree = "<group>";
		};
		920893DB1BFDD337003560D6 /* Models */ = {
			isa = PBXGroup;
			children = (
			);
			path = Models;
			sourceTree = "<group>";
		};
		920893DC1BFDD337003560D6 /* Views */ = {
			isa = PBXGroup;
			children = (
			);
			path = Views;
			sourceTree = "<group>";
		};
		920893FD1BFDDBB2003560D6 /* Discover */ = {
			isa = PBXGroup;
			children = (
				920893FE1BFDDBB2003560D6 /* Controllers */,
				920894031BFDDBB2003560D6 /* Models */,
				920894041BFDDBB2003560D6 /* Views */,
			);
			path = Discover;
			sourceTree = "<group>";
		};
		920893FE1BFDDBB2003560D6 /* Controllers */ = {
			isa = PBXGroup;
			children = (
				920893FF1BFDDBB2003560D6 /* PPDiscoverViewController.h */,
				920894001BFDDBB2003560D6 /* PPDiscoverViewController.m */,
			);
			path = Controllers;
			sourceTree = "<group>";
		};
		920894031BFDDBB2003560D6 /* Models */ = {
			isa = PBXGroup;
			children = (
			);
			path = Models;
			sourceTree = "<group>";
		};
		920894041BFDDBB2003560D6 /* Views */ = {
			isa = PBXGroup;
			children = (
			);
			path = Views;
			sourceTree = "<group>";
		};
		92527BE61C3D1EAA00377FC6 /* statusPhotoView */ = {
			isa = PBXGroup;
			children = (
				92527BE71C3D1ED700377FC6 /* PPStatusPhotoView.h */,
				92527BE81C3D1ED700377FC6 /* PPStatusPhotoView.m */,
				92527BEA1C3E6D0700377FC6 /* PPStatusImageView.h */,
				92527BEB1C3E6D0700377FC6 /* PPStatusImageView.m */,
			);
			path = statusPhotoView;
			sourceTree = "<group>";
		};
		92527BF11C3F65EA00377FC6 /* iconView */ = {
			isa = PBXGroup;
			children = (
				92527BF21C3F65EA00377FC6 /* PPIconView.h */,
				92527BF31C3F65EA00377FC6 /* PPIconView.m */,
			);
			path = iconView;
			sourceTree = "<group>";
		};
		92527BF51C3F97E900377FC6 /* Compose */ = {
			isa = PBXGroup;
			children = (
				92F219711C4605AE009F32A7 /* Utils */,
				92527BF61C3F97E900377FC6 /* Controllers */,
				92527BF71C3F97E900377FC6 /* Models */,
				92527BF81C3F97E900377FC6 /* Views */,
			);
			path = Compose;
			sourceTree = "<group>";
		};
		92527BF61C3F97E900377FC6 /* Controllers */ = {
			isa = PBXGroup;
			children = (
				92527BF91C3F980B00377FC6 /* PPComposeViewController.h */,
				92527BFA1C3F980B00377FC6 /* PPComposeViewController.m */,
			);
			path = Controllers;
			sourceTree = "<group>";
		};
		92527BF71C3F97E900377FC6 /* Models */ = {
			isa = PBXGroup;
			children = (
			);
			path = Models;
			sourceTree = "<group>";
		};
		92527BF81C3F97E900377FC6 /* Views */ = {
			isa = PBXGroup;
			children = (
				92527BFC1C3FB75B00377FC6 /* PPTextView.h */,
				92527BFD1C3FB75B00377FC6 /* PPTextView.m */,
				92F2195C1C4389BC009F32A7 /* PPComposeToolbar.h */,
				92F2195D1C4389BC009F32A7 /* PPComposeToolbar.m */,
				92F2195F1C44A835009F32A7 /* PPComposePhotosView.h */,
				92F219601C44A835009F32A7 /* PPComposePhotosView.m */,
			);
			path = Views;
			sourceTree = "<group>";
		};
		92B2D2461C03078600335F36 /* OAuth */ = {
			isa = PBXGroup;
			children = (
				92F2197A1C462E4B009F32A7 /* Utils */,
				92B2D2701C035FC800335F36 /* Tools */,
				92B2D2471C03078600335F36 /* Controllers */,
				92B2D2691C032CCD00335F36 /* Models */,
			);
			path = OAuth;
			sourceTree = "<group>";
		};
		92B2D2471C03078600335F36 /* Controllers */ = {
			isa = PBXGroup;
			children = (
				92B2D2481C03079C00335F36 /* PPAuthViewController.h */,
				92B2D2491C03079C00335F36 /* PPAuthViewController.m */,
			);
			path = Controllers;
			sourceTree = "<group>";
		};
		92B2D2691C032CCD00335F36 /* Models */ = {
			isa = PBXGroup;
			children = (
				92B2D26A1C032CE000335F36 /* PPAccount.h */,
				92B2D26B1C032CE000335F36 /* PPAccount.m */,
			);
			path = Models;
			sourceTree = "<group>";
		};
		92B2D2701C035FC800335F36 /* Tools */ = {
			isa = PBXGroup;
			children = (
				92B2D2711C035FC800335F36 /* PPAccountManager.h */,
				92B2D2721C035FC800335F36 /* PPAccountManager.m */,
			);
			path = Tools;
			sourceTree = "<group>";
		};
		92B2D2741C035FE900335F36 /* Const */ = {
			isa = PBXGroup;
			children = (
				92B2D2751C035FE900335F36 /* PPConst.h */,
				92B2D2761C035FE900335F36 /* PPConst.m */,
			);
			path = Const;
			sourceTree = "<group>";
		};
		92BDFDFF1BF06ED300FF548D = {
			isa = PBXGroup;
			children = (
				92BDFE0A1BF06ED300FF548D /* PPZone */,
				92BDFE091BF06ED300FF548D /* Products */,
				30C4B51DA5BB8EF3C4E8810A /* Pods */,
				0B18289EA164911C39CD33CC /* Frameworks */,
			);
			sourceTree = "<group>";
		};
		92BDFE091BF06ED300FF548D /* Products */ = {
			isa = PBXGroup;
			children = (
				92BDFE081BF06ED300FF548D /* PPZone.app */,
			);
			name = Products;
			sourceTree = "<group>";
		};
		92BDFE0A1BF06ED300FF548D /* PPZone */ = {
			isa = PBXGroup;
			children = (
				9208936C1BFDD337003560D6 /* Classes */,
				92BDFE0B1BF06ED300FF548D /* Supporting Files */,
			);
			path = PPZone;
			sourceTree = "<group>";
		};
		92BDFE0B1BF06ED300FF548D /* Supporting Files */ = {
			isa = PBXGroup;
			children = (
				92BDFE141BF06ED300FF548D /* Main.storyboard */,
				92BDFE171BF06ED300FF548D /* Assets.xcassets */,
				9208936A1BFDD31D003560D6 /* main.m */,
				92BDFE1C1BF06ED300FF548D /* Info.plist */,
				92BDFE2F1BF08BEE00FF548D /* PrefixHeader.pch */,
				92527BFF1C3FC23A00377FC6 /* Header.h */,
			);
			name = "Supporting Files";
			sourceTree = "<group>";
		};
		92DFAB881C059F6F00FEB988 /* Views */ = {
			isa = PBXGroup;
			children = (
				92527BE61C3D1EAA00377FC6 /* statusPhotoView */,
				92DFAB9F1C05B13500FEB988 /* toolbar */,
				92DFAB891C059F6F00FEB988 /* cell */,
				92DFAB8A1C059F6F00FEB988 /* footer */,
				92DFAB8E1C059F6F00FEB988 /* titleBtn */,
			);
			path = Views;
			sourceTree = "<group>";
		};
		92DFAB891C059F6F00FEB988 /* cell */ = {
			isa = PBXGroup;
			children = (
				92DFAB941C059FA400FEB988 /* PPStatusCell.h */,
				92DFAB951C059FA400FEB988 /* PPStatusCell.m */,
			);
			path = cell;
			sourceTree = "<group>";
		};
		92DFAB8A1C059F6F00FEB988 /* footer */ = {
			isa = PBXGroup;
			children = (
				92DFAB8B1C059F6F00FEB988 /* PPLoadMoreFooter.h */,
				92DFAB8C1C059F6F00FEB988 /* PPLoadMoreFooter.m */,
				92DFAB8D1C059F6F00FEB988 /* PPLoadMoreFooter.xib */,
			);
			path = footer;
			sourceTree = "<group>";
		};
		92DFAB8E1C059F6F00FEB988 /* titleBtn */ = {
			isa = PBXGroup;
			children = (
				92DFAB8F1C059F6F00FEB988 /* PPTitleButton.h */,
				92DFAB901C059F6F00FEB988 /* PPTitleButton.m */,
			);
			path = titleBtn;
			sourceTree = "<group>";
		};
		92DFAB9F1C05B13500FEB988 /* toolbar */ = {
			isa = PBXGroup;
			children = (
				92DFABA01C05B16800FEB988 /* PPToolbar.h */,
				92DFABA11C05B16800FEB988 /* PPToolbar.m */,
			);
			path = toolbar;
			sourceTree = "<group>";
		};
		92F219621C44CCD0009F32A7 /* Utils */ = {
			isa = PBXGroup;
			children = (
				92F219681C44CDED009F32A7 /* Singleton.h */,
				92F219631C44CCD0009F32A7 /* PPHttpUtils */,
			);
			path = Utils;
			sourceTree = "<group>";
		};
		92F219631C44CCD0009F32A7 /* PPHttpUtils */ = {
			isa = PBXGroup;
			children = (
				92F219641C44CD0B009F32A7 /* PPHttpUtils.h */,
				92F219651C44CD0B009F32A7 /* PPHttpUtils.m */,
			);
			path = PPHttpUtils;
			sourceTree = "<group>";
		};
		92F219691C44E8F5009F32A7 /* Utils(业务工具类) */ = {
			isa = PBXGroup;
			children = (
				92F2196A1C44E8F5009F32A7 /* PPStatusUtils */,
			);
			path = "Utils(业务工具类)";
			sourceTree = "<group>";
		};
		92F2196A1C44E8F5009F32A7 /* PPStatusUtils */ = {
			isa = PBXGroup;
			children = (
				92F2196B1C44E930009F32A7 /* PPStatusHttpUtils.h */,
				92F2196C1C44E930009F32A7 /* PPStatusHttpUtils.m */,
				92F2196E1C450F0C009F32A7 /* PPUserInfoHttpUtils.h */,
				92F2196F1C450F0C009F32A7 /* PPUserInfoHttpUtils.m */,
			);
			path = PPStatusUtils;
			sourceTree = "<group>";
		};
		92F219711C4605AE009F32A7 /* Utils */ = {
			isa = PBXGroup;
			children = (
				92F219721C4605AE009F32A7 /* PPComposeHttpUtils */,
			);
			path = Utils;
			sourceTree = "<group>";
		};
		92F219721C4605AE009F32A7 /* PPComposeHttpUtils */ = {
			isa = PBXGroup;
			children = (
				92F219731C4605C3009F32A7 /* PPComposeHttpUtils.h */,
				92F219741C4605C3009F32A7 /* PPComposeHttpUtils.m */,
			);
			path = PPComposeHttpUtils;
			sourceTree = "<group>";
		};
		92F219761C462909009F32A7 /* PPBaseParams */ = {
			isa = PBXGroup;
			children = (
				92F219771C46293E009F32A7 /* PPBaseParams.h */,
				92F219781C46293E009F32A7 /* PPBaseParams.m */,
			);
			path = PPBaseParams;
			sourceTree = "<group>";
		};
		92F2197A1C462E4B009F32A7 /* Utils */ = {
			isa = PBXGroup;
			children = (
				92F2197B1C462E4B009F32A7 /* PPAuthorHttpUtils */,
			);
			path = Utils;
			sourceTree = "<group>";
		};
		92F2197B1C462E4B009F32A7 /* PPAuthorHttpUtils */ = {
			isa = PBXGroup;
			children = (
				92F2197C1C462E6B009F32A7 /* PPAuthorHttpUtils.h */,
				92F2197D1C462E6B009F32A7 /* PPAuthorHttpUtils.m */,
			);
			path = PPAuthorHttpUtils;
			sourceTree = "<group>";
		};
/* End PBXGroup section */

/* Begin PBXNativeTarget section */
		92BDFE071BF06ED300FF548D /* PPZone */ = {
			isa = PBXNativeTarget;
			buildConfigurationList = 92BDFE1F1BF06ED300FF548D /* Build configuration list for PBXNativeTarget "PPZone" */;
			buildPhases = (
				E43A5D03B80C9CE93CA22493 /* Check Pods Manifest.lock */,
				92BDFE041BF06ED300FF548D /* Sources */,
				92BDFE051BF06ED300FF548D /* Frameworks */,
				92BDFE061BF06ED300FF548D /* Resources */,
				8DBD03FDFFC076F3A4026BD8 /* Copy Pods Resources */,
			);
			buildRules = (
			);
			dependencies = (
			);
			name = PPZone;
			productName = PPZone;
			productReference = 92BDFE081BF06ED300FF548D /* PPZone.app */;
			productType = "com.apple.product-type.application";
		};
/* End PBXNativeTarget section */

/* Begin PBXProject section */
		92BDFE001BF06ED300FF548D /* Project object */ = {
			isa = PBXProject;
			attributes = {
				CLASSPREFIX = PP;
				LastUpgradeCheck = 0710;
				ORGANIZATIONNAME = roseonly;
				TargetAttributes = {
					92BDFE071BF06ED300FF548D = {
						CreatedOnToolsVersion = 7.1;
					};
				};
			};
			buildConfigurationList = 92BDFE031BF06ED300FF548D /* Build configuration list for PBXProject "PPZone" */;
			compatibilityVersion = "Xcode 3.2";
			developmentRegion = English;
			hasScannedForEncodings = 0;
			knownRegions = (
				en,
				Base,
			);
			mainGroup = 92BDFDFF1BF06ED300FF548D;
			productRefGroup = 92BDFE091BF06ED300FF548D /* Products */;
			projectDirPath = "";
			projectRoot = "";
			targets = (
				92BDFE071BF06ED300FF548D /* PPZone */,
			);
		};
/* End PBXProject section */

/* Begin PBXResourcesBuildPhase section */
		92BDFE061BF06ED300FF548D /* Resources */ = {
			isa = PBXResourcesBuildPhase;
			buildActionMask = 2147483647;
			files = (
				92BDFE181BF06ED300FF548D /* Assets.xcassets in Resources */,
				92BDFE161BF06ED300FF548D /* Main.storyboard in Resources */,
				92DFAB921C059F6F00FEB988 /* PPLoadMoreFooter.xib in Resources */,
			);
			runOnlyForDeploymentPostprocessing = 0;
		};
/* End PBXResourcesBuildPhase section */

/* Begin PBXShellScriptBuildPhase section */
		8DBD03FDFFC076F3A4026BD8 /* Copy Pods Resources */ = {
			isa = PBXShellScriptBuildPhase;
			buildActionMask = 2147483647;
			files = (
			);
			inputPaths = (
			);
			name = "Copy Pods Resources";
			outputPaths = (
			);
			runOnlyForDeploymentPostprocessing = 0;
			shellPath = /bin/sh;
			shellScript = "\"${SRCROOT}/Pods/Target Support Files/Pods/Pods-resources.sh\"\n";
			showEnvVarsInLog = 0;
		};
		E43A5D03B80C9CE93CA22493 /* Check Pods Manifest.lock */ = {
			isa = PBXShellScriptBuildPhase;
			buildActionMask = 2147483647;
			files = (
			);
			inputPaths = (
			);
			name = "Check Pods Manifest.lock";
			outputPaths = (
			);
			runOnlyForDeploymentPostprocessing = 0;
			shellPath = /bin/sh;
			shellScript = "diff \"${PODS_ROOT}/../Podfile.lock\" \"${PODS_ROOT}/Manifest.lock\" > /dev/null\nif [[ $? != 0 ]] ; then\n    cat << EOM\nerror: The sandbox is not in sync with the Podfile.lock. Run 'pod install' or update your CocoaPods installation.\nEOM\n    exit 1\nfi\n";
			showEnvVarsInLog = 0;
		};
/* End PBXShellScriptBuildPhase section */

/* Begin PBXSourcesBuildPhase section */
		92BDFE041BF06ED300FF548D /* Sources */ = {
			isa = PBXSourcesBuildPhase;
			buildActionMask = 2147483647;
			files = (
				92F219701C450F0C009F32A7 /* PPUserInfoHttpUtils.m in Sources */,
				92527BFE1C3FB75B00377FC6 /* PPTextView.m in Sources */,
				92527BE91C3D1ED700377FC6 /* PPStatusPhotoView.m in Sources */,
				920894051BFDDBB2003560D6 /* PPDiscoverViewController.m in Sources */,
				920893E61BFDD337003560D6 /* AppDelegate.m in Sources */,
				92B2D24A1C03079C00335F36 /* PPAuthViewController.m in Sources */,
				92DFABA21C05B16800FEB988 /* PPToolbar.m in Sources */,
				92F219611C44A835009F32A7 /* PPComposePhotosView.m in Sources */,
				920893FA1BFDD337003560D6 /* MBProgressHUD+MJ.m in Sources */,
				920893F91BFDD337003560D6 /* UIWindow+Extension.m in Sources */,
				92DFAB821C044E3F00FEB988 /* PPStatus.m in Sources */,
				920893DE1BFDD337003560D6 /* PPHomeViewController.m in Sources */,
				92B2D26C1C032CE000335F36 /* PPAccount.m in Sources */,
				92DFAB911C059F6F00FEB988 /* PPLoadMoreFooter.m in Sources */,
				920893E21BFDD337003560D6 /* PPSearchBar.m in Sources */,
				920893E41BFDD337003560D6 /* PPTabBar.m in Sources */,
				92F219791C46293E009F32A7 /* PPBaseParams.m in Sources */,
				920893EF1BFDD337003560D6 /* UIBarButtonItem+Extension.m in Sources */,
				92B2D2771C035FE900335F36 /* PPConst.m in Sources */,
				920893E71BFDD337003560D6 /* PPMessageViewController.m in Sources */,
				920893F51BFDD337003560D6 /* UITextView+Extention.m in Sources */,
				920893FC1BFDD337003560D6 /* PPProfileViewController.m in Sources */,
				92B2D2731C035FC800335F36 /* PPAccountManager.m in Sources */,
				920893EB1BFDD337003560D6 /* NSDate+Extention.m in Sources */,
				92527BEC1C3E6D0700377FC6 /* PPStatusImageView.m in Sources */,
				920893EE1BFDD337003560D6 /* NSString+Extention.m in Sources */,
				92527BF41C3F65EA00377FC6 /* PPIconView.m in Sources */,
				92F219661C44CD0B009F32A7 /* PPHttpUtils.m in Sources */,
				92F2197E1C462E6B009F32A7 /* PPAuthorHttpUtils.m in Sources */,
				92527BFB1C3F980B00377FC6 /* PPComposeViewController.m in Sources */,
				920893DF1BFDD337003560D6 /* PPDropdownViewController.m in Sources */,
				920893F01BFDD337003560D6 /* MyButton.m in Sources */,
				920893E01BFDD337003560D6 /* PPDropdownMenu.m in Sources */,
				920893F31BFDD337003560D6 /* UIResponder+Router.m in Sources */,
				920893E91BFDD337003560D6 /* PPNewFeatherViewController.m in Sources */,
				92DFAB9B1C05A12300FEB988 /* PPStatusFrame.m in Sources */,
				920893E11BFDD337003560D6 /* PPNavigationController.m in Sources */,
				92DFAB9E1C05AE1200FEB988 /* PPPhoto.m in Sources */,
				920893E81BFDD337003560D6 /* PPMessageDetailViewController.m in Sources */,
				92F2196D1C44E930009F32A7 /* PPStatusHttpUtils.m in Sources */,
				92F219751C4605C3009F32A7 /* PPComposeHttpUtils.m in Sources */,
				920893EA1BFDD337003560D6 /* Foundation+Log.m in Sources */,
				920893F61BFDD337003560D6 /* UIView+Extension.m in Sources */,
				920893EC1BFDD337003560D6 /* NSDateFormatter+Extention.m in Sources */,
				920893F21BFDD337003560D6 /* UIImage+Extention.m in Sources */,
				92F2195E1C4389BC009F32A7 /* PPComposeToolbar.m in Sources */,
				920893F71BFDD337003560D6 /* UIViewController+Extention.m in Sources */,
				920893F41BFDD337003560D6 /* UITextField+Extention.m in Sources */,
				92DFAB971C059FA400FEB988 /* PPStatusCell.m in Sources */,
				92DFAB931C059F6F00FEB988 /* PPTitleButton.m in Sources */,
				920893ED1BFDD337003560D6 /* NSObject+Log.m in Sources */,
				9208936B1BFDD31D003560D6 /* main.m in Sources */,
				920893F11BFDD337003560D6 /* UIColor+Random.m in Sources */,
				92DFAB7F1C044E0600FEB988 /* PPUser.m in Sources */,
				920893E31BFDD337003560D6 /* PPTabBarController.m in Sources */,
			);
			runOnlyForDeploymentPostprocessing = 0;
		};
/* End PBXSourcesBuildPhase section */

/* Begin PBXVariantGroup section */
		92BDFE141BF06ED300FF548D /* Main.storyboard */ = {
			isa = PBXVariantGroup;
			children = (
				92BDFE151BF06ED300FF548D /* Base */,
			);
			name = Main.storyboard;
			sourceTree = "<group>";
		};
/* End PBXVariantGroup section */

/* Begin XCBuildConfiguration section */
		92BDFE1D1BF06ED300FF548D /* Debug */ = {
			isa = XCBuildConfiguration;
			buildSettings = {
				ALWAYS_SEARCH_USER_PATHS = NO;
				CLANG_CXX_LANGUAGE_STANDARD = "gnu++0x";
				CLANG_CXX_LIBRARY = "libc++";
				CLANG_ENABLE_MODULES = YES;
				CLANG_ENABLE_OBJC_ARC = YES;
				CLANG_WARN_BOOL_CONVERSION = YES;
				CLANG_WARN_CONSTANT_CONVERSION = YES;
				CLANG_WARN_DIRECT_OBJC_ISA_USAGE = YES_ERROR;
				CLANG_WARN_EMPTY_BODY = YES;
				CLANG_WARN_ENUM_CONVERSION = YES;
				CLANG_WARN_INT_CONVERSION = YES;
				CLANG_WARN_OBJC_ROOT_CLASS = YES_ERROR;
				CLANG_WARN_UNREACHABLE_CODE = YES;
				CLANG_WARN__DUPLICATE_METHOD_MATCH = YES;
				"CODE_SIGN_IDENTITY[sdk=iphoneos*]" = "iPhone Developer";
				COPY_PHASE_STRIP = NO;
				DEBUG_INFORMATION_FORMAT = dwarf;
				ENABLE_STRICT_OBJC_MSGSEND = YES;
				ENABLE_TESTABILITY = YES;
				GCC_C_LANGUAGE_STANDARD = gnu99;
				GCC_DYNAMIC_NO_PIC = NO;
				GCC_NO_COMMON_BLOCKS = YES;
				GCC_OPTIMIZATION_LEVEL = 0;
				GCC_PREPROCESSOR_DEFINITIONS = (
					"DEBUG=1",
					"$(inherited)",
				);
				GCC_WARN_64_TO_32_BIT_CONVERSION = YES;
				GCC_WARN_ABOUT_RETURN_TYPE = YES_ERROR;
				GCC_WARN_UNDECLARED_SELECTOR = YES;
				GCC_WARN_UNINITIALIZED_AUTOS = YES_AGGRESSIVE;
				GCC_WARN_UNUSED_FUNCTION = YES;
				GCC_WARN_UNUSED_VARIABLE = YES;
				IPHONEOS_DEPLOYMENT_TARGET = 9.1;
				MTL_ENABLE_DEBUG_INFO = YES;
				ONLY_ACTIVE_ARCH = YES;
				SDKROOT = iphoneos;
			};
			name = Debug;
		};
		92BDFE1E1BF06ED300FF548D /* Release */ = {
			isa = XCBuildConfiguration;
			buildSettings = {
				ALWAYS_SEARCH_USER_PATHS = NO;
				CLANG_CXX_LANGUAGE_STANDARD = "gnu++0x";
				CLANG_CXX_LIBRARY = "libc++";
				CLANG_ENABLE_MODULES = YES;
				CLANG_ENABLE_OBJC_ARC = YES;
				CLANG_WARN_BOOL_CONVERSION = YES;
				CLANG_WARN_CONSTANT_CONVERSION = YES;
				CLANG_WARN_DIRECT_OBJC_ISA_USAGE = YES_ERROR;
				CLANG_WARN_EMPTY_BODY = YES;
				CLANG_WARN_ENUM_CONVERSION = YES;
				CLANG_WARN_INT_CONVERSION = YES;
				CLANG_WARN_OBJC_ROOT_CLASS = YES_ERROR;
				CLANG_WARN_UNREACHABLE_CODE = YES;
				CLANG_WARN__DUPLICATE_METHOD_MATCH = YES;
				"CODE_SIGN_IDENTITY[sdk=iphoneos*]" = "iPhone Developer";
				COPY_PHASE_STRIP = NO;
				DEBUG_INFORMATION_FORMAT = "dwarf-with-dsym";
				ENABLE_NS_ASSERTIONS = NO;
				ENABLE_STRICT_OBJC_MSGSEND = YES;
				GCC_C_LANGUAGE_STANDARD = gnu99;
				GCC_NO_COMMON_BLOCKS = YES;
				GCC_WARN_64_TO_32_BIT_CONVERSION = YES;
				GCC_WARN_ABOUT_RETURN_TYPE = YES_ERROR;
				GCC_WARN_UNDECLARED_SELECTOR = YES;
				GCC_WARN_UNINITIALIZED_AUTOS = YES_AGGRESSIVE;
				GCC_WARN_UNUSED_FUNCTION = YES;
				GCC_WARN_UNUSED_VARIABLE = YES;
				IPHONEOS_DEPLOYMENT_TARGET = 9.1;
				MTL_ENABLE_DEBUG_INFO = NO;
				SDKROOT = iphoneos;
				VALIDATE_PRODUCT = YES;
			};
			name = Release;
		};
		92BDFE201BF06ED300FF548D /* Debug */ = {
			isa = XCBuildConfiguration;
			baseConfigurationReference = 95529DCEE65CBA596A6B10C7 /* Pods.debug.xcconfig */;
			buildSettings = {
				ASSETCATALOG_COMPILER_APPICON_NAME = AppIcon;
				ASSETCATALOG_COMPILER_LAUNCHIMAGE_NAME = LaunchImage;
				ENABLE_BITCODE = NO;
				GCC_PRECOMPILE_PREFIX_HEADER = YES;
				GCC_PREFIX_HEADER = "$(SRCROOT)/PPZone/PrefixHeader.pch";
				INFOPLIST_FILE = PPZone/Info.plist;
				IPHONEOS_DEPLOYMENT_TARGET = 8.1;
				LD_RUNPATH_SEARCH_PATHS = "$(inherited) @executable_path/Frameworks";
				PRODUCT_BUNDLE_IDENTIFIER = RO.PPZone;
				PRODUCT_NAME = "$(TARGET_NAME)";
			};
			name = Debug;
		};
		92BDFE211BF06ED300FF548D /* Release */ = {
			isa = XCBuildConfiguration;
			baseConfigurationReference = 6082C9189CE3E1F6A1318C0A /* Pods.release.xcconfig */;
			buildSettings = {
				ASSETCATALOG_COMPILER_APPICON_NAME = AppIcon;
				ASSETCATALOG_COMPILER_LAUNCHIMAGE_NAME = LaunchImage;
				ENABLE_BITCODE = NO;
				GCC_PRECOMPILE_PREFIX_HEADER = YES;
				GCC_PREFIX_HEADER = "$(SRCROOT)/PPZone/PrefixHeader.pch";
				INFOPLIST_FILE = PPZone/Info.plist;
				IPHONEOS_DEPLOYMENT_TARGET = 8.1;
				LD_RUNPATH_SEARCH_PATHS = "$(inherited) @executable_path/Frameworks";
				PRODUCT_BUNDLE_IDENTIFIER = RO.PPZone;
				PRODUCT_NAME = "$(TARGET_NAME)";
			};
			name = Release;
		};
/* End XCBuildConfiguration section */

/* Begin XCConfigurationList section */
		92BDFE031BF06ED300FF548D /* Build configuration list for PBXProject "PPZone" */ = {
			isa = XCConfigurationList;
			buildConfigurations = (
				92BDFE1D1BF06ED300FF548D /* Debug */,
				92BDFE1E1BF06ED300FF548D /* Release */,
			);
			defaultConfigurationIsVisible = 0;
			defaultConfigurationName = Release;
		};
		92BDFE1F1BF06ED300FF548D /* Build configuration list for PBXNativeTarget "PPZone" */ = {
			isa = XCConfigurationList;
			buildConfigurations = (
				92BDFE201BF06ED300FF548D /* Debug */,
				92BDFE211BF06ED300FF548D /* Release */,
			);
			defaultConfigurationIsVisible = 0;
			defaultConfigurationName = Release;
		};
/* End XCConfigurationList section */
	};
	rootObject = 92BDFE001BF06ED300FF548D /* Project object */;
}
