// !$*UTF8*$!
{
	archiveVersion = 1;
	classes = {
	};
	objectVersion = 46;
	objects = {

/* Begin PBXBuildFile section */
		923EAC721BF19899007DDCB5 /* PPSearchBar.m in Sources */ = {isa = PBXBuildFile; fileRef = 923EAC711BF19899007DDCB5 /* PPSearchBar.m */; };
		923EAC781BF31C9B007DDCB5 /* PPDropdownMenu.m in Sources */ = {isa = PBXBuildFile; fileRef = 923EAC771BF31C9B007DDCB5 /* PPDropdownMenu.m */; };
		9241F03B1BF18FD6007F1A9F /* UITextField+Extention.m in Sources */ = {isa = PBXBuildFile; fileRef = 9241F03A1BF18FD6007F1A9F /* UITextField+Extention.m */; };
		924BAB6F1BF5D19A0041C750 /* PPTabBar.m in Sources */ = {isa = PBXBuildFile; fileRef = 924BAB6E1BF5D19A0041C750 /* PPTabBar.m */; };
		92BDFE161BF06ED300FF548D /* Main.storyboard in Resources */ = {isa = PBXBuildFile; fileRef = 92BDFE141BF06ED300FF548D /* Main.storyboard */; };
		92BDFE181BF06ED300FF548D /* Assets.xcassets in Resources */ = {isa = PBXBuildFile; fileRef = 92BDFE171BF06ED300FF548D /* Assets.xcassets */; };
		92BDFE7B1BF0A32E00FF548D /* PPDiscoverViewController.m in Sources */ = {isa = PBXBuildFile; fileRef = 92BDFE641BF0A32E00FF548D /* PPDiscoverViewController.m */; };
		92BDFE7D1BF0A32E00FF548D /* AppDelegate.m in Sources */ = {isa = PBXBuildFile; fileRef = 92BDFE6A1BF0A32E00FF548D /* AppDelegate.m */; };
		92BDFE7E1BF0A32E00FF548D /* PPTabBarController.m in Sources */ = {isa = PBXBuildFile; fileRef = 92BDFE6D1BF0A32E00FF548D /* PPTabBarController.m */; };
		92BDFE7F1BF0A32E00FF548D /* main.m in Sources */ = {isa = PBXBuildFile; fileRef = 92BDFE6E1BF0A32E00FF548D /* main.m */; };
		92BDFE801BF0A32E00FF548D /* PPConst.m in Sources */ = {isa = PBXBuildFile; fileRef = 92BDFE711BF0A32E00FF548D /* PPConst.m */; };
		92BDFE811BF0A32E00FF548D /* PPMessageViewController.m in Sources */ = {isa = PBXBuildFile; fileRef = 92BDFE751BF0A32E00FF548D /* PPMessageViewController.m */; };
		92BDFE821BF0A32E00FF548D /* PPProfileViewController.m in Sources */ = {isa = PBXBuildFile; fileRef = 92BDFE7A1BF0A32E00FF548D /* PPProfileViewController.m */; };
		92BDFE851BF0A41400FF548D /* PPNavigationController.m in Sources */ = {isa = PBXBuildFile; fileRef = 92BDFE841BF0A41400FF548D /* PPNavigationController.m */; };
		92BDFEB21BF0A48900FF548D /* Foundation+Log.m in Sources */ = {isa = PBXBuildFile; fileRef = 92BDFE871BF0A48900FF548D /* Foundation+Log.m */; };
		92BDFEB31BF0A48900FF548D /* NSDate+Extention.m in Sources */ = {isa = PBXBuildFile; fileRef = 92BDFE8A1BF0A48900FF548D /* NSDate+Extention.m */; };
		92BDFEB41BF0A48900FF548D /* NSDateFormatter+Extention.m in Sources */ = {isa = PBXBuildFile; fileRef = 92BDFE8C1BF0A48900FF548D /* NSDateFormatter+Extention.m */; };
		92BDFEB51BF0A48900FF548D /* NSObject+Log.m in Sources */ = {isa = PBXBuildFile; fileRef = 92BDFE8F1BF0A48900FF548D /* NSObject+Log.m */; };
		92BDFEB61BF0A48900FF548D /* NSString+Extention.m in Sources */ = {isa = PBXBuildFile; fileRef = 92BDFE921BF0A48900FF548D /* NSString+Extention.m */; };
		92BDFEB71BF0A48900FF548D /* UIBarButtonItem+Extension.m in Sources */ = {isa = PBXBuildFile; fileRef = 92BDFE951BF0A48900FF548D /* UIBarButtonItem+Extension.m */; };
		92BDFEB81BF0A48900FF548D /* MyButton.m in Sources */ = {isa = PBXBuildFile; fileRef = 92BDFE981BF0A48900FF548D /* MyButton.m */; };
		92BDFEBA1BF0A48900FF548D /* UIColor+Random.m in Sources */ = {isa = PBXBuildFile; fileRef = 92BDFE9D1BF0A48900FF548D /* UIColor+Random.m */; };
		92BDFEBB1BF0A48900FF548D /* UIImage+Extention.m in Sources */ = {isa = PBXBuildFile; fileRef = 92BDFEA01BF0A48900FF548D /* UIImage+Extention.m */; };
		92BDFEBC1BF0A48900FF548D /* UIResponder+Router.m in Sources */ = {isa = PBXBuildFile; fileRef = 92BDFEA31BF0A48900FF548D /* UIResponder+Router.m */; };
		92BDFEBD1BF0A48900FF548D /* UITextView+Extention.m in Sources */ = {isa = PBXBuildFile; fileRef = 92BDFEA61BF0A48900FF548D /* UITextView+Extention.m */; };
		92BDFEBE1BF0A48900FF548D /* UIView+Extension.m in Sources */ = {isa = PBXBuildFile; fileRef = 92BDFEA91BF0A48900FF548D /* UIView+Extension.m */; };
		92BDFEC11BF0A48900FF548D /* UIWindow+Extension.m in Sources */ = {isa = PBXBuildFile; fileRef = 92BDFEB11BF0A48900FF548D /* UIWindow+Extension.m */; };
		92BDFEC81BF0A57600FF548D /* MBProgressHUD+MJ.m in Sources */ = {isa = PBXBuildFile; fileRef = 92BDFEC41BF0A57600FF548D /* MBProgressHUD+MJ.m */; };
		92BDFEC91BF0A57600FF548D /* MBProgressHUD.bundle in Resources */ = {isa = PBXBuildFile; fileRef = 92BDFEC51BF0A57600FF548D /* MBProgressHUD.bundle */; };
		92BDFECA1BF0A57600FF548D /* MBProgressHUD.m in Sources */ = {isa = PBXBuildFile; fileRef = 92BDFEC71BF0A57600FF548D /* MBProgressHUD.m */; };
		92BDFECD1BF0ACE800FF548D /* PPMessageDetailViewController.m in Sources */ = {isa = PBXBuildFile; fileRef = 92BDFECC1BF0ACE800FF548D /* PPMessageDetailViewController.m */; };
		92EC3CD81BFB2D600069B3D6 /* PPDropdownViewController.m in Sources */ = {isa = PBXBuildFile; fileRef = 92EC3CD51BFB2D600069B3D6 /* PPDropdownViewController.m */; };
		92EC3CD91BFB2D600069B3D6 /* PPHomeViewController.m in Sources */ = {isa = PBXBuildFile; fileRef = 92EC3CD71BFB2D600069B3D6 /* PPHomeViewController.m */; };
		92EC3CDD1BFB2DA60069B3D6 /* PPNewFeatherViewController.m in Sources */ = {isa = PBXBuildFile; fileRef = 92EC3CDC1BFB2DA60069B3D6 /* PPNewFeatherViewController.m */; };
/* End PBXBuildFile section */

/* Begin PBXFileReference section */
		923EAC701BF19899007DDCB5 /* PPSearchBar.h */ = {isa = PBXFileReference; fileEncoding = 4; lastKnownFileType = sourcecode.c.h; path = PPSearchBar.h; sourceTree = "<group>"; };
		923EAC711BF19899007DDCB5 /* PPSearchBar.m */ = {isa = PBXFileReference; fileEncoding = 4; lastKnownFileType = sourcecode.c.objc; path = PPSearchBar.m; sourceTree = "<group>"; };
		923EAC761BF31C9B007DDCB5 /* PPDropdownMenu.h */ = {isa = PBXFileReference; fileEncoding = 4; lastKnownFileType = sourcecode.c.h; path = PPDropdownMenu.h; sourceTree = "<group>"; };
		923EAC771BF31C9B007DDCB5 /* PPDropdownMenu.m */ = {isa = PBXFileReference; fileEncoding = 4; lastKnownFileType = sourcecode.c.objc; path = PPDropdownMenu.m; sourceTree = "<group>"; };
		9241F0391BF18FD6007F1A9F /* UITextField+Extention.h */ = {isa = PBXFileReference; fileEncoding = 4; lastKnownFileType = sourcecode.c.h; path = "UITextField+Extention.h"; sourceTree = "<group>"; };
		9241F03A1BF18FD6007F1A9F /* UITextField+Extention.m */ = {isa = PBXFileReference; fileEncoding = 4; lastKnownFileType = sourcecode.c.objc; path = "UITextField+Extention.m"; sourceTree = "<group>"; };
		924BAB6D1BF5D19A0041C750 /* PPTabBar.h */ = {isa = PBXFileReference; fileEncoding = 4; lastKnownFileType = sourcecode.c.h; path = PPTabBar.h; sourceTree = "<group>"; };
		924BAB6E1BF5D19A0041C750 /* PPTabBar.m */ = {isa = PBXFileReference; fileEncoding = 4; lastKnownFileType = sourcecode.c.objc; path = PPTabBar.m; sourceTree = "<group>"; };
		92BDFE081BF06ED300FF548D /* PPZone.app */ = {isa = PBXFileReference; explicitFileType = wrapper.application; includeInIndex = 0; path = PPZone.app; sourceTree = BUILT_PRODUCTS_DIR; };
		92BDFE151BF06ED300FF548D /* Base */ = {isa = PBXFileReference; lastKnownFileType = file.storyboard; name = Base; path = Base.lproj/Main.storyboard; sourceTree = "<group>"; };
		92BDFE171BF06ED300FF548D /* Assets.xcassets */ = {isa = PBXFileReference; lastKnownFileType = folder.assetcatalog; path = Assets.xcassets; sourceTree = "<group>"; };
		92BDFE1C1BF06ED300FF548D /* Info.plist */ = {isa = PBXFileReference; lastKnownFileType = text.plist.xml; path = Info.plist; sourceTree = "<group>"; };
		92BDFE2F1BF08BEE00FF548D /* PrefixHeader.pch */ = {isa = PBXFileReference; fileEncoding = 4; lastKnownFileType = sourcecode.c.h; path = PrefixHeader.pch; sourceTree = "<group>"; };
		92BDFE631BF0A32E00FF548D /* PPDiscoverViewController.h */ = {isa = PBXFileReference; fileEncoding = 4; lastKnownFileType = sourcecode.c.h; path = PPDiscoverViewController.h; sourceTree = "<group>"; };
		92BDFE641BF0A32E00FF548D /* PPDiscoverViewController.m */ = {isa = PBXFileReference; fileEncoding = 4; lastKnownFileType = sourcecode.c.objc; path = PPDiscoverViewController.m; sourceTree = "<group>"; };
		92BDFE691BF0A32E00FF548D /* AppDelegate.h */ = {isa = PBXFileReference; fileEncoding = 4; lastKnownFileType = sourcecode.c.h; path = AppDelegate.h; sourceTree = "<group>"; };
		92BDFE6A1BF0A32E00FF548D /* AppDelegate.m */ = {isa = PBXFileReference; fileEncoding = 4; lastKnownFileType = sourcecode.c.objc; path = AppDelegate.m; sourceTree = "<group>"; };
		92BDFE6C1BF0A32E00FF548D /* PPTabBarController.h */ = {isa = PBXFileReference; fileEncoding = 4; lastKnownFileType = sourcecode.c.h; path = PPTabBarController.h; sourceTree = "<group>"; };
		92BDFE6D1BF0A32E00FF548D /* PPTabBarController.m */ = {isa = PBXFileReference; fileEncoding = 4; lastKnownFileType = sourcecode.c.objc; path = PPTabBarController.m; sourceTree = "<group>"; };
		92BDFE6E1BF0A32E00FF548D /* main.m */ = {isa = PBXFileReference; fileEncoding = 4; lastKnownFileType = sourcecode.c.objc; path = main.m; sourceTree = "<group>"; };
		92BDFE701BF0A32E00FF548D /* PPConst.h */ = {isa = PBXFileReference; fileEncoding = 4; lastKnownFileType = sourcecode.c.h; path = PPConst.h; sourceTree = "<group>"; };
		92BDFE711BF0A32E00FF548D /* PPConst.m */ = {isa = PBXFileReference; fileEncoding = 4; lastKnownFileType = sourcecode.c.objc; path = PPConst.m; sourceTree = "<group>"; };
		92BDFE741BF0A32E00FF548D /* PPMessageViewController.h */ = {isa = PBXFileReference; fileEncoding = 4; lastKnownFileType = sourcecode.c.h; path = PPMessageViewController.h; sourceTree = "<group>"; };
		92BDFE751BF0A32E00FF548D /* PPMessageViewController.m */ = {isa = PBXFileReference; fileEncoding = 4; lastKnownFileType = sourcecode.c.objc; path = PPMessageViewController.m; sourceTree = "<group>"; };
		92BDFE791BF0A32E00FF548D /* PPProfileViewController.h */ = {isa = PBXFileReference; fileEncoding = 4; lastKnownFileType = sourcecode.c.h; path = PPProfileViewController.h; sourceTree = "<group>"; };
		92BDFE7A1BF0A32E00FF548D /* PPProfileViewController.m */ = {isa = PBXFileReference; fileEncoding = 4; lastKnownFileType = sourcecode.c.objc; path = PPProfileViewController.m; sourceTree = "<group>"; };
		92BDFE831BF0A41400FF548D /* PPNavigationController.h */ = {isa = PBXFileReference; fileEncoding = 4; lastKnownFileType = sourcecode.c.h; path = PPNavigationController.h; sourceTree = "<group>"; };
		92BDFE841BF0A41400FF548D /* PPNavigationController.m */ = {isa = PBXFileReference; fileEncoding = 4; lastKnownFileType = sourcecode.c.objc; path = PPNavigationController.m; sourceTree = "<group>"; };
		92BDFE871BF0A48900FF548D /* Foundation+Log.m */ = {isa = PBXFileReference; fileEncoding = 4; lastKnownFileType = sourcecode.c.objc; path = "Foundation+Log.m"; sourceTree = "<group>"; };
		92BDFE891BF0A48900FF548D /* NSDate+Extention.h */ = {isa = PBXFileReference; fileEncoding = 4; lastKnownFileType = sourcecode.c.h; path = "NSDate+Extention.h"; sourceTree = "<group>"; };
		92BDFE8A1BF0A48900FF548D /* NSDate+Extention.m */ = {isa = PBXFileReference; fileEncoding = 4; lastKnownFileType = sourcecode.c.objc; path = "NSDate+Extention.m"; sourceTree = "<group>"; };
		92BDFE8B1BF0A48900FF548D /* NSDateFormatter+Extention.h */ = {isa = PBXFileReference; fileEncoding = 4; lastKnownFileType = sourcecode.c.h; path = "NSDateFormatter+Extention.h"; sourceTree = "<group>"; };
		92BDFE8C1BF0A48900FF548D /* NSDateFormatter+Extention.m */ = {isa = PBXFileReference; fileEncoding = 4; lastKnownFileType = sourcecode.c.objc; path = "NSDateFormatter+Extention.m"; sourceTree = "<group>"; };
		92BDFE8E1BF0A48900FF548D /* NSObject+Log.h */ = {isa = PBXFileReference; fileEncoding = 4; lastKnownFileType = sourcecode.c.h; path = "NSObject+Log.h"; sourceTree = "<group>"; };
		92BDFE8F1BF0A48900FF548D /* NSObject+Log.m */ = {isa = PBXFileReference; fileEncoding = 4; lastKnownFileType = sourcecode.c.objc; path = "NSObject+Log.m"; sourceTree = "<group>"; };
		92BDFE911BF0A48900FF548D /* NSString+Extention.h */ = {isa = PBXFileReference; fileEncoding = 4; lastKnownFileType = sourcecode.c.h; path = "NSString+Extention.h"; sourceTree = "<group>"; };
		92BDFE921BF0A48900FF548D /* NSString+Extention.m */ = {isa = PBXFileReference; fileEncoding = 4; lastKnownFileType = sourcecode.c.objc; path = "NSString+Extention.m"; sourceTree = "<group>"; };
		92BDFE941BF0A48900FF548D /* UIBarButtonItem+Extension.h */ = {isa = PBXFileReference; fileEncoding = 4; lastKnownFileType = sourcecode.c.h; path = "UIBarButtonItem+Extension.h"; sourceTree = "<group>"; };
		92BDFE951BF0A48900FF548D /* UIBarButtonItem+Extension.m */ = {isa = PBXFileReference; fileEncoding = 4; lastKnownFileType = sourcecode.c.objc; path = "UIBarButtonItem+Extension.m"; sourceTree = "<group>"; };
		92BDFE971BF0A48900FF548D /* MyButton.h */ = {isa = PBXFileReference; fileEncoding = 4; lastKnownFileType = sourcecode.c.h; path = MyButton.h; sourceTree = "<group>"; };
		92BDFE981BF0A48900FF548D /* MyButton.m */ = {isa = PBXFileReference; fileEncoding = 4; lastKnownFileType = sourcecode.c.objc; path = MyButton.m; sourceTree = "<group>"; };
		92BDFE9C1BF0A48900FF548D /* UIColor+Random.h */ = {isa = PBXFileReference; fileEncoding = 4; lastKnownFileType = sourcecode.c.h; path = "UIColor+Random.h"; sourceTree = "<group>"; };
		92BDFE9D1BF0A48900FF548D /* UIColor+Random.m */ = {isa = PBXFileReference; fileEncoding = 4; lastKnownFileType = sourcecode.c.objc; path = "UIColor+Random.m"; sourceTree = "<group>"; };
		92BDFE9F1BF0A48900FF548D /* UIImage+Extention.h */ = {isa = PBXFileReference; fileEncoding = 4; lastKnownFileType = sourcecode.c.h; path = "UIImage+Extention.h"; sourceTree = "<group>"; };
		92BDFEA01BF0A48900FF548D /* UIImage+Extention.m */ = {isa = PBXFileReference; fileEncoding = 4; lastKnownFileType = sourcecode.c.objc; path = "UIImage+Extention.m"; sourceTree = "<group>"; };
		92BDFEA21BF0A48900FF548D /* UIResponder+Router.h */ = {isa = PBXFileReference; fileEncoding = 4; lastKnownFileType = sourcecode.c.h; path = "UIResponder+Router.h"; sourceTree = "<group>"; };
		92BDFEA31BF0A48900FF548D /* UIResponder+Router.m */ = {isa = PBXFileReference; fileEncoding = 4; lastKnownFileType = sourcecode.c.objc; path = "UIResponder+Router.m"; sourceTree = "<group>"; };
		92BDFEA51BF0A48900FF548D /* UITextView+Extention.h */ = {isa = PBXFileReference; fileEncoding = 4; lastKnownFileType = sourcecode.c.h; path = "UITextView+Extention.h"; sourceTree = "<group>"; };
		92BDFEA61BF0A48900FF548D /* UITextView+Extention.m */ = {isa = PBXFileReference; fileEncoding = 4; lastKnownFileType = sourcecode.c.objc; path = "UITextView+Extention.m"; sourceTree = "<group>"; };
		92BDFEA81BF0A48900FF548D /* UIView+Extension.h */ = {isa = PBXFileReference; fileEncoding = 4; lastKnownFileType = sourcecode.c.h; path = "UIView+Extension.h"; sourceTree = "<group>"; };
		92BDFEA91BF0A48900FF548D /* UIView+Extension.m */ = {isa = PBXFileReference; fileEncoding = 4; lastKnownFileType = sourcecode.c.objc; path = "UIView+Extension.m"; sourceTree = "<group>"; };
		92BDFEB01BF0A48900FF548D /* UIWindow+Extension.h */ = {isa = PBXFileReference; fileEncoding = 4; lastKnownFileType = sourcecode.c.h; path = "UIWindow+Extension.h"; sourceTree = "<group>"; };
		92BDFEB11BF0A48900FF548D /* UIWindow+Extension.m */ = {isa = PBXFileReference; fileEncoding = 4; lastKnownFileType = sourcecode.c.objc; path = "UIWindow+Extension.m"; sourceTree = "<group>"; };
		92BDFEC31BF0A57600FF548D /* MBProgressHUD+MJ.h */ = {isa = PBXFileReference; fileEncoding = 4; lastKnownFileType = sourcecode.c.h; path = "MBProgressHUD+MJ.h"; sourceTree = "<group>"; };
		92BDFEC41BF0A57600FF548D /* MBProgressHUD+MJ.m */ = {isa = PBXFileReference; fileEncoding = 4; lastKnownFileType = sourcecode.c.objc; path = "MBProgressHUD+MJ.m"; sourceTree = "<group>"; };
		92BDFEC51BF0A57600FF548D /* MBProgressHUD.bundle */ = {isa = PBXFileReference; lastKnownFileType = "wrapper.plug-in"; path = MBProgressHUD.bundle; sourceTree = "<group>"; };
		92BDFEC61BF0A57600FF548D /* MBProgressHUD.h */ = {isa = PBXFileReference; fileEncoding = 4; lastKnownFileType = sourcecode.c.h; path = MBProgressHUD.h; sourceTree = "<group>"; };
		92BDFEC71BF0A57600FF548D /* MBProgressHUD.m */ = {isa = PBXFileReference; fileEncoding = 4; lastKnownFileType = sourcecode.c.objc; path = MBProgressHUD.m; sourceTree = "<group>"; };
		92BDFECB1BF0ACE800FF548D /* PPMessageDetailViewController.h */ = {isa = PBXFileReference; fileEncoding = 4; lastKnownFileType = sourcecode.c.h; path = PPMessageDetailViewController.h; sourceTree = "<group>"; };
		92BDFECC1BF0ACE800FF548D /* PPMessageDetailViewController.m */ = {isa = PBXFileReference; fileEncoding = 4; lastKnownFileType = sourcecode.c.objc; path = PPMessageDetailViewController.m; sourceTree = "<group>"; };
		92EC3CD41BFB2D600069B3D6 /* PPDropdownViewController.h */ = {isa = PBXFileReference; fileEncoding = 4; lastKnownFileType = sourcecode.c.h; path = PPDropdownViewController.h; sourceTree = "<group>"; };
		92EC3CD51BFB2D600069B3D6 /* PPDropdownViewController.m */ = {isa = PBXFileReference; fileEncoding = 4; lastKnownFileType = sourcecode.c.objc; path = PPDropdownViewController.m; sourceTree = "<group>"; };
		92EC3CD61BFB2D600069B3D6 /* PPHomeViewController.h */ = {isa = PBXFileReference; fileEncoding = 4; lastKnownFileType = sourcecode.c.h; path = PPHomeViewController.h; sourceTree = "<group>"; };
		92EC3CD71BFB2D600069B3D6 /* PPHomeViewController.m */ = {isa = PBXFileReference; fileEncoding = 4; lastKnownFileType = sourcecode.c.objc; path = PPHomeViewController.m; sourceTree = "<group>"; };
		92EC3CDB1BFB2DA60069B3D6 /* PPNewFeatherViewController.h */ = {isa = PBXFileReference; fileEncoding = 4; lastKnownFileType = sourcecode.c.h; path = PPNewFeatherViewController.h; sourceTree = "<group>"; };
		92EC3CDC1BFB2DA60069B3D6 /* PPNewFeatherViewController.m */ = {isa = PBXFileReference; fileEncoding = 4; lastKnownFileType = sourcecode.c.objc; path = PPNewFeatherViewController.m; sourceTree = "<group>"; };
/* End PBXFileReference section */

/* Begin PBXFrameworksBuildPhase section */
		92BDFE051BF06ED300FF548D /* Frameworks */ = {
			isa = PBXFrameworksBuildPhase;
			buildActionMask = 2147483647;
			files = (
			);
			runOnlyForDeploymentPostprocessing = 0;
		};
/* End PBXFrameworksBuildPhase section */

/* Begin PBXGroup section */
		923EAC791BF329EE007DDCB5 /* Home */ = {
			isa = PBXGroup;
			children = (
				92EC3CD31BFB2D600069B3D6 /* Controllers */,
				923EAC7E1BF329EE007DDCB5 /* Views */,
				923EAC7D1BF329EE007DDCB5 /* Models */,
			);
			name = Home;
			path = Main/Views/Home;
			sourceTree = "<group>";
		};
		923EAC7D1BF329EE007DDCB5 /* Models */ = {
			isa = PBXGroup;
			children = (
			);
			path = Models;
			sourceTree = "<group>";
		};
		923EAC7E1BF329EE007DDCB5 /* Views */ = {
			isa = PBXGroup;
			children = (
			);
			path = Views;
			sourceTree = "<group>";
		};
		9241F0381BF18F72007F1A9F /* UITextField+Extention */ = {
			isa = PBXGroup;
			children = (
				9241F0391BF18FD6007F1A9F /* UITextField+Extention.h */,
				9241F03A1BF18FD6007F1A9F /* UITextField+Extention.m */,
			);
			path = "UITextField+Extention";
			sourceTree = "<group>";
		};
		92BDFDFF1BF06ED300FF548D = {
			isa = PBXGroup;
			children = (
				92BDFE0A1BF06ED300FF548D /* PPZone */,
				92BDFE091BF06ED300FF548D /* Products */,
			);
			sourceTree = "<group>";
		};
		92BDFE091BF06ED300FF548D /* Products */ = {
			isa = PBXGroup;
			children = (
				92BDFE081BF06ED300FF548D /* PPZone.app */,
			);
			name = Products;
			sourceTree = "<group>";
		};
		92BDFE0A1BF06ED300FF548D /* PPZone */ = {
			isa = PBXGroup;
			children = (
				92BDFE611BF0A32E00FF548D /* Classes */,
				92BDFE0B1BF06ED300FF548D /* Supporting Files */,
			);
			path = PPZone;
			sourceTree = "<group>";
		};
		92BDFE0B1BF06ED300FF548D /* Supporting Files */ = {
			isa = PBXGroup;
			children = (
				92BDFE141BF06ED300FF548D /* Main.storyboard */,
				92BDFE171BF06ED300FF548D /* Assets.xcassets */,
				92BDFE1C1BF06ED300FF548D /* Info.plist */,
				92BDFE2F1BF08BEE00FF548D /* PrefixHeader.pch */,
			);
			name = "Supporting Files";
			sourceTree = "<group>";
		};
		92BDFE611BF0A32E00FF548D /* Classes */ = {
			isa = PBXGroup;
			children = (
				92EC3CDA1BFB2DA60069B3D6 /* NewFeather */,
				92BDFE681BF0A32E00FF548D /* Main */,
				923EAC791BF329EE007DDCB5 /* Home */,
				92BDFE731BF0A32E00FF548D /* Message */,
				92BDFE621BF0A32E00FF548D /* Discover */,
				92BDFE781BF0A32E00FF548D /* Profile */,
				92BDFE761BF0A32E00FF548D /* Others */,
			);
			path = Classes;
			sourceTree = "<group>";
		};
		92BDFE621BF0A32E00FF548D /* Discover */ = {
			isa = PBXGroup;
			children = (
				92BDFE631BF0A32E00FF548D /* PPDiscoverViewController.h */,
				92BDFE641BF0A32E00FF548D /* PPDiscoverViewController.m */,
			);
			path = Discover;
			sourceTree = "<group>";
		};
		92BDFE681BF0A32E00FF548D /* Main */ = {
			isa = PBXGroup;
			children = (
				92BDFE691BF0A32E00FF548D /* AppDelegate.h */,
				92BDFE6A1BF0A32E00FF548D /* AppDelegate.m */,
				92BDFE6E1BF0A32E00FF548D /* main.m */,
				92BDFE6F1BF0A32E00FF548D /* TOOLS */,
				92BDFE6B1BF0A32E00FF548D /* Controllers */,
				92BDFE721BF0A32E00FF548D /* Views */,
			);
			path = Main;
			sourceTree = "<group>";
		};
		92BDFE6B1BF0A32E00FF548D /* Controllers */ = {
			isa = PBXGroup;
			children = (
				92BDFE6C1BF0A32E00FF548D /* PPTabBarController.h */,
				92BDFE6D1BF0A32E00FF548D /* PPTabBarController.m */,
				92BDFE831BF0A41400FF548D /* PPNavigationController.h */,
				92BDFE841BF0A41400FF548D /* PPNavigationController.m */,
				923EAC701BF19899007DDCB5 /* PPSearchBar.h */,
				923EAC711BF19899007DDCB5 /* PPSearchBar.m */,
			);
			path = Controllers;
			sourceTree = "<group>";
		};
		92BDFE6F1BF0A32E00FF548D /* TOOLS */ = {
			isa = PBXGroup;
			children = (
				92BDFE701BF0A32E00FF548D /* PPConst.h */,
				92BDFE711BF0A32E00FF548D /* PPConst.m */,
			);
			path = TOOLS;
			sourceTree = "<group>";
		};
		92BDFE721BF0A32E00FF548D /* Views */ = {
			isa = PBXGroup;
			children = (
				923EAC761BF31C9B007DDCB5 /* PPDropdownMenu.h */,
				923EAC771BF31C9B007DDCB5 /* PPDropdownMenu.m */,
				924BAB6D1BF5D19A0041C750 /* PPTabBar.h */,
				924BAB6E1BF5D19A0041C750 /* PPTabBar.m */,
			);
			path = Views;
			sourceTree = "<group>";
		};
		92BDFE731BF0A32E00FF548D /* Message */ = {
			isa = PBXGroup;
			children = (
				92BDFE741BF0A32E00FF548D /* PPMessageViewController.h */,
				92BDFE751BF0A32E00FF548D /* PPMessageViewController.m */,
				92BDFECB1BF0ACE800FF548D /* PPMessageDetailViewController.h */,
				92BDFECC1BF0ACE800FF548D /* PPMessageDetailViewController.m */,
			);
			path = Message;
			sourceTree = "<group>";
		};
		92BDFE761BF0A32E00FF548D /* Others */ = {
			isa = PBXGroup;
			children = (
				92BDFE861BF0A48900FF548D /* Category */,
				92BDFE771BF0A32E00FF548D /* Lib */,
			);
			path = Others;
			sourceTree = "<group>";
		};
		92BDFE771BF0A32E00FF548D /* Lib */ = {
			isa = PBXGroup;
			children = (
				92BDFEC21BF0A57600FF548D /* MBProgressHUD */,
			);
			path = Lib;
			sourceTree = "<group>";
		};
		92BDFE781BF0A32E00FF548D /* Profile */ = {
			isa = PBXGroup;
			children = (
				92BDFE791BF0A32E00FF548D /* PPProfileViewController.h */,
				92BDFE7A1BF0A32E00FF548D /* PPProfileViewController.m */,
			);
			path = Profile;
			sourceTree = "<group>";
		};
		92BDFE861BF0A48900FF548D /* Category */ = {
			isa = PBXGroup;
			children = (
				9241F0381BF18F72007F1A9F /* UITextField+Extention */,
				92BDFE871BF0A48900FF548D /* Foundation+Log.m */,
				92BDFE881BF0A48900FF548D /* NSDate+Extention */,
				92BDFE8D1BF0A48900FF548D /* NSObject+Extention */,
				92BDFE901BF0A48900FF548D /* NSString+Extention */,
				92BDFE931BF0A48900FF548D /* UIBarButtonItem+Extension */,
				92BDFE961BF0A48900FF548D /* UIButton_Classes */,
				92BDFE9B1BF0A48900FF548D /* UIColor_random */,
				92BDFE9E1BF0A48900FF548D /* UIImage+Extention */,
				92BDFEA11BF0A48900FF548D /* UIResponder+Extention */,
				92BDFEA41BF0A48900FF548D /* UITextview+Extention */,
				92BDFEA71BF0A48900FF548D /* UIView+Extention */,
				92BDFEAF1BF0A48900FF548D /* UIWindow+Extention */,
			);
			path = Category;
			sourceTree = "<group>";
		};
		92BDFE881BF0A48900FF548D /* NSDate+Extention */ = {
			isa = PBXGroup;
			children = (
				92BDFE891BF0A48900FF548D /* NSDate+Extention.h */,
				92BDFE8A1BF0A48900FF548D /* NSDate+Extention.m */,
				92BDFE8B1BF0A48900FF548D /* NSDateFormatter+Extention.h */,
				92BDFE8C1BF0A48900FF548D /* NSDateFormatter+Extention.m */,
			);
			path = "NSDate+Extention";
			sourceTree = "<group>";
		};
		92BDFE8D1BF0A48900FF548D /* NSObject+Extention */ = {
			isa = PBXGroup;
			children = (
				92BDFE8E1BF0A48900FF548D /* NSObject+Log.h */,
				92BDFE8F1BF0A48900FF548D /* NSObject+Log.m */,
			);
			path = "NSObject+Extention";
			sourceTree = "<group>";
		};
		92BDFE901BF0A48900FF548D /* NSString+Extention */ = {
			isa = PBXGroup;
			children = (
				92BDFE911BF0A48900FF548D /* NSString+Extention.h */,
				92BDFE921BF0A48900FF548D /* NSString+Extention.m */,
			);
			path = "NSString+Extention";
			sourceTree = "<group>";
		};
		92BDFE931BF0A48900FF548D /* UIBarButtonItem+Extension */ = {
			isa = PBXGroup;
			children = (
				92BDFE941BF0A48900FF548D /* UIBarButtonItem+Extension.h */,
				92BDFE951BF0A48900FF548D /* UIBarButtonItem+Extension.m */,
			);
			path = "UIBarButtonItem+Extension";
			sourceTree = "<group>";
		};
		92BDFE961BF0A48900FF548D /* UIButton_Classes */ = {
			isa = PBXGroup;
			children = (
				92BDFE971BF0A48900FF548D /* MyButton.h */,
				92BDFE981BF0A48900FF548D /* MyButton.m */,
			);
			path = UIButton_Classes;
			sourceTree = "<group>";
		};
		92BDFE9B1BF0A48900FF548D /* UIColor_random */ = {
			isa = PBXGroup;
			children = (
				92BDFE9C1BF0A48900FF548D /* UIColor+Random.h */,
				92BDFE9D1BF0A48900FF548D /* UIColor+Random.m */,
			);
			path = UIColor_random;
			sourceTree = "<group>";
		};
		92BDFE9E1BF0A48900FF548D /* UIImage+Extention */ = {
			isa = PBXGroup;
			children = (
				92BDFE9F1BF0A48900FF548D /* UIImage+Extention.h */,
				92BDFEA01BF0A48900FF548D /* UIImage+Extention.m */,
			);
			path = "UIImage+Extention";
			sourceTree = "<group>";
		};
		92BDFEA11BF0A48900FF548D /* UIResponder+Extention */ = {
			isa = PBXGroup;
			children = (
				92BDFEA21BF0A48900FF548D /* UIResponder+Router.h */,
				92BDFEA31BF0A48900FF548D /* UIResponder+Router.m */,
			);
			path = "UIResponder+Extention";
			sourceTree = "<group>";
		};
		92BDFEA41BF0A48900FF548D /* UITextview+Extention */ = {
			isa = PBXGroup;
			children = (
				92BDFEA51BF0A48900FF548D /* UITextView+Extention.h */,
				92BDFEA61BF0A48900FF548D /* UITextView+Extention.m */,
			);
			path = "UITextview+Extention";
			sourceTree = "<group>";
		};
		92BDFEA71BF0A48900FF548D /* UIView+Extention */ = {
			isa = PBXGroup;
			children = (
				92BDFEA81BF0A48900FF548D /* UIView+Extension.h */,
				92BDFEA91BF0A48900FF548D /* UIView+Extension.m */,
			);
			path = "UIView+Extention";
			sourceTree = "<group>";
		};
		92BDFEAF1BF0A48900FF548D /* UIWindow+Extention */ = {
			isa = PBXGroup;
			children = (
				92BDFEB01BF0A48900FF548D /* UIWindow+Extension.h */,
				92BDFEB11BF0A48900FF548D /* UIWindow+Extension.m */,
			);
			path = "UIWindow+Extention";
			sourceTree = "<group>";
		};
		92BDFEC21BF0A57600FF548D /* MBProgressHUD */ = {
			isa = PBXGroup;
			children = (
				92BDFEC31BF0A57600FF548D /* MBProgressHUD+MJ.h */,
				92BDFEC41BF0A57600FF548D /* MBProgressHUD+MJ.m */,
				92BDFEC51BF0A57600FF548D /* MBProgressHUD.bundle */,
				92BDFEC61BF0A57600FF548D /* MBProgressHUD.h */,
				92BDFEC71BF0A57600FF548D /* MBProgressHUD.m */,
			);
			path = MBProgressHUD;
			sourceTree = "<group>";
		};
		92EC3CD31BFB2D600069B3D6 /* Controllers */ = {
			isa = PBXGroup;
			children = (
				92EC3CD41BFB2D600069B3D6 /* PPDropdownViewController.h */,
				92EC3CD51BFB2D600069B3D6 /* PPDropdownViewController.m */,
				92EC3CD61BFB2D600069B3D6 /* PPHomeViewController.h */,
				92EC3CD71BFB2D600069B3D6 /* PPHomeViewController.m */,
			);
			name = Controllers;
			path = PPZone/Classes/Home/Controllers;
			sourceTree = SOURCE_ROOT;
		};
		92EC3CDA1BFB2DA60069B3D6 /* NewFeather */ = {
			isa = PBXGroup;
			children = (
				92EC3CDB1BFB2DA60069B3D6 /* PPNewFeatherViewController.h */,
				92EC3CDC1BFB2DA60069B3D6 /* PPNewFeatherViewController.m */,
			);
			path = NewFeather;
			sourceTree = "<group>";
		};
/* End PBXGroup section */

/* Begin PBXNativeTarget section */
		92BDFE071BF06ED300FF548D /* PPZone */ = {
			isa = PBXNativeTarget;
			buildConfigurationList = 92BDFE1F1BF06ED300FF548D /* Build configuration list for PBXNativeTarget "PPZone" */;
			buildPhases = (
				92BDFE041BF06ED300FF548D /* Sources */,
				92BDFE051BF06ED300FF548D /* Frameworks */,
				92BDFE061BF06ED300FF548D /* Resources */,
			);
			buildRules = (
			);
			dependencies = (
			);
			name = PPZone;
			productName = PPZone;
			productReference = 92BDFE081BF06ED300FF548D /* PPZone.app */;
			productType = "com.apple.product-type.application";
		};
/* End PBXNativeTarget section */

/* Begin PBXProject section */
		92BDFE001BF06ED300FF548D /* Project object */ = {
			isa = PBXProject;
			attributes = {
				CLASSPREFIX = PP;
				LastUpgradeCheck = 0710;
				ORGANIZATIONNAME = roseonly;
				TargetAttributes = {
					92BDFE071BF06ED300FF548D = {
						CreatedOnToolsVersion = 7.1;
					};
				};
			};
			buildConfigurationList = 92BDFE031BF06ED300FF548D /* Build configuration list for PBXProject "PPZone" */;
			compatibilityVersion = "Xcode 3.2";
			developmentRegion = English;
			hasScannedForEncodings = 0;
			knownRegions = (
				en,
				Base,
			);
			mainGroup = 92BDFDFF1BF06ED300FF548D;
			productRefGroup = 92BDFE091BF06ED300FF548D /* Products */;
			projectDirPath = "";
			projectRoot = "";
			targets = (
				92BDFE071BF06ED300FF548D /* PPZone */,
			);
		};
/* End PBXProject section */

/* Begin PBXResourcesBuildPhase section */
		92BDFE061BF06ED300FF548D /* Resources */ = {
			isa = PBXResourcesBuildPhase;
			buildActionMask = 2147483647;
			files = (
				92BDFE181BF06ED300FF548D /* Assets.xcassets in Resources */,
				92BDFE161BF06ED300FF548D /* Main.storyboard in Resources */,
				92BDFEC91BF0A57600FF548D /* MBProgressHUD.bundle in Resources */,
			);
			runOnlyForDeploymentPostprocessing = 0;
		};
/* End PBXResourcesBuildPhase section */

/* Begin PBXSourcesBuildPhase section */
		92BDFE041BF06ED300FF548D /* Sources */ = {
			isa = PBXSourcesBuildPhase;
			buildActionMask = 2147483647;
			files = (
				92BDFE851BF0A41400FF548D /* PPNavigationController.m in Sources */,
				92EC3CD81BFB2D600069B3D6 /* PPDropdownViewController.m in Sources */,
				92BDFEB51BF0A48900FF548D /* NSObject+Log.m in Sources */,
				92BDFEBE1BF0A48900FF548D /* UIView+Extension.m in Sources */,
				92BDFEB21BF0A48900FF548D /* Foundation+Log.m in Sources */,
				92BDFE7F1BF0A32E00FF548D /* main.m in Sources */,
				92BDFE801BF0A32E00FF548D /* PPConst.m in Sources */,
				92BDFE7B1BF0A32E00FF548D /* PPDiscoverViewController.m in Sources */,
				92BDFEB81BF0A48900FF548D /* MyButton.m in Sources */,
				923EAC781BF31C9B007DDCB5 /* PPDropdownMenu.m in Sources */,
				92BDFECD1BF0ACE800FF548D /* PPMessageDetailViewController.m in Sources */,
				9241F03B1BF18FD6007F1A9F /* UITextField+Extention.m in Sources */,
				92BDFEB31BF0A48900FF548D /* NSDate+Extention.m in Sources */,
				92BDFEC11BF0A48900FF548D /* UIWindow+Extension.m in Sources */,
				92BDFECA1BF0A57600FF548D /* MBProgressHUD.m in Sources */,
				92BDFE821BF0A32E00FF548D /* PPProfileViewController.m in Sources */,
				92BDFEBC1BF0A48900FF548D /* UIResponder+Router.m in Sources */,
				92BDFEB71BF0A48900FF548D /* UIBarButtonItem+Extension.m in Sources */,
				92BDFEBA1BF0A48900FF548D /* UIColor+Random.m in Sources */,
				92BDFE7D1BF0A32E00FF548D /* AppDelegate.m in Sources */,
				92BDFEC81BF0A57600FF548D /* MBProgressHUD+MJ.m in Sources */,
				92BDFE811BF0A32E00FF548D /* PPMessageViewController.m in Sources */,
				924BAB6F1BF5D19A0041C750 /* PPTabBar.m in Sources */,
				92BDFEB41BF0A48900FF548D /* NSDateFormatter+Extention.m in Sources */,
				923EAC721BF19899007DDCB5 /* PPSearchBar.m in Sources */,
				92BDFEBD1BF0A48900FF548D /* UITextView+Extention.m in Sources */,
				92BDFEBB1BF0A48900FF548D /* UIImage+Extention.m in Sources */,
				92EC3CD91BFB2D600069B3D6 /* PPHomeViewController.m in Sources */,
				92EC3CDD1BFB2DA60069B3D6 /* PPNewFeatherViewController.m in Sources */,
				92BDFEB61BF0A48900FF548D /* NSString+Extention.m in Sources */,
				92BDFE7E1BF0A32E00FF548D /* PPTabBarController.m in Sources */,
			);
			runOnlyForDeploymentPostprocessing = 0;
		};
/* End PBXSourcesBuildPhase section */

/* Begin PBXVariantGroup section */
		92BDFE141BF06ED300FF548D /* Main.storyboard */ = {
			isa = PBXVariantGroup;
			children = (
				92BDFE151BF06ED300FF548D /* Base */,
			);
			name = Main.storyboard;
			sourceTree = "<group>";
		};
/* End PBXVariantGroup section */

/* Begin XCBuildConfiguration section */
		92BDFE1D1BF06ED300FF548D /* Debug */ = {
			isa = XCBuildConfiguration;
			buildSettings = {
				ALWAYS_SEARCH_USER_PATHS = NO;
				CLANG_CXX_LANGUAGE_STANDARD = "gnu++0x";
				CLANG_CXX_LIBRARY = "libc++";
				CLANG_ENABLE_MODULES = YES;
				CLANG_ENABLE_OBJC_ARC = YES;
				CLANG_WARN_BOOL_CONVERSION = YES;
				CLANG_WARN_CONSTANT_CONVERSION = YES;
				CLANG_WARN_DIRECT_OBJC_ISA_USAGE = YES_ERROR;
				CLANG_WARN_EMPTY_BODY = YES;
				CLANG_WARN_ENUM_CONVERSION = YES;
				CLANG_WARN_INT_CONVERSION = YES;
				CLANG_WARN_OBJC_ROOT_CLASS = YES_ERROR;
				CLANG_WARN_UNREACHABLE_CODE = YES;
				CLANG_WARN__DUPLICATE_METHOD_MATCH = YES;
				"CODE_SIGN_IDENTITY[sdk=iphoneos*]" = "iPhone Developer";
				COPY_PHASE_STRIP = NO;
				DEBUG_INFORMATION_FORMAT = dwarf;
				ENABLE_STRICT_OBJC_MSGSEND = YES;
				ENABLE_TESTABILITY = YES;
				GCC_C_LANGUAGE_STANDARD = gnu99;
				GCC_DYNAMIC_NO_PIC = NO;
				GCC_NO_COMMON_BLOCKS = YES;
				GCC_OPTIMIZATION_LEVEL = 0;
				GCC_PREPROCESSOR_DEFINITIONS = (
					"DEBUG=1",
					"$(inherited)",
				);
				GCC_WARN_64_TO_32_BIT_CONVERSION = YES;
				GCC_WARN_ABOUT_RETURN_TYPE = YES_ERROR;
				GCC_WARN_UNDECLARED_SELECTOR = YES;
				GCC_WARN_UNINITIALIZED_AUTOS = YES_AGGRESSIVE;
				GCC_WARN_UNUSED_FUNCTION = YES;
				GCC_WARN_UNUSED_VARIABLE = YES;
				IPHONEOS_DEPLOYMENT_TARGET = 9.1;
				MTL_ENABLE_DEBUG_INFO = YES;
				ONLY_ACTIVE_ARCH = YES;
				SDKROOT = iphoneos;
			};
			name = Debug;
		};
		92BDFE1E1BF06ED300FF548D /* Release */ = {
			isa = XCBuildConfiguration;
			buildSettings = {
				ALWAYS_SEARCH_USER_PATHS = NO;
				CLANG_CXX_LANGUAGE_STANDARD = "gnu++0x";
				CLANG_CXX_LIBRARY = "libc++";
				CLANG_ENABLE_MODULES = YES;
				CLANG_ENABLE_OBJC_ARC = YES;
				CLANG_WARN_BOOL_CONVERSION = YES;
				CLANG_WARN_CONSTANT_CONVERSION = YES;
				CLANG_WARN_DIRECT_OBJC_ISA_USAGE = YES_ERROR;
				CLANG_WARN_EMPTY_BODY = YES;
				CLANG_WARN_ENUM_CONVERSION = YES;
				CLANG_WARN_INT_CONVERSION = YES;
				CLANG_WARN_OBJC_ROOT_CLASS = YES_ERROR;
				CLANG_WARN_UNREACHABLE_CODE = YES;
				CLANG_WARN__DUPLICATE_METHOD_MATCH = YES;
				"CODE_SIGN_IDENTITY[sdk=iphoneos*]" = "iPhone Developer";
				COPY_PHASE_STRIP = NO;
				DEBUG_INFORMATION_FORMAT = "dwarf-with-dsym";
				ENABLE_NS_ASSERTIONS = NO;
				ENABLE_STRICT_OBJC_MSGSEND = YES;
				GCC_C_LANGUAGE_STANDARD = gnu99;
				GCC_NO_COMMON_BLOCKS = YES;
				GCC_WARN_64_TO_32_BIT_CONVERSION = YES;
				GCC_WARN_ABOUT_RETURN_TYPE = YES_ERROR;
				GCC_WARN_UNDECLARED_SELECTOR = YES;
				GCC_WARN_UNINITIALIZED_AUTOS = YES_AGGRESSIVE;
				GCC_WARN_UNUSED_FUNCTION = YES;
				GCC_WARN_UNUSED_VARIABLE = YES;
				IPHONEOS_DEPLOYMENT_TARGET = 9.1;
				MTL_ENABLE_DEBUG_INFO = NO;
				SDKROOT = iphoneos;
				VALIDATE_PRODUCT = YES;
			};
			name = Release;
		};
		92BDFE201BF06ED300FF548D /* Debug */ = {
			isa = XCBuildConfiguration;
			buildSettings = {
				ASSETCATALOG_COMPILER_APPICON_NAME = AppIcon;
				ASSETCATALOG_COMPILER_LAUNCHIMAGE_NAME = LaunchImage;
				ENABLE_BITCODE = NO;
				GCC_PRECOMPILE_PREFIX_HEADER = YES;
				GCC_PREFIX_HEADER = "$(SRCROOT)/PPZone/PrefixHeader.pch";
				INFOPLIST_FILE = PPZone/Info.plist;
				LD_RUNPATH_SEARCH_PATHS = "$(inherited) @executable_path/Frameworks";
				PRODUCT_BUNDLE_IDENTIFIER = RO.PPZone;
				PRODUCT_NAME = "$(TARGET_NAME)";
			};
			name = Debug;
		};
		92BDFE211BF06ED300FF548D /* Release */ = {
			isa = XCBuildConfiguration;
			buildSettings = {
				ASSETCATALOG_COMPILER_APPICON_NAME = AppIcon;
				ASSETCATALOG_COMPILER_LAUNCHIMAGE_NAME = LaunchImage;
				ENABLE_BITCODE = NO;
				GCC_PRECOMPILE_PREFIX_HEADER = YES;
				GCC_PREFIX_HEADER = "$(SRCROOT)/PPZone/PrefixHeader.pch";
				INFOPLIST_FILE = PPZone/Info.plist;
				LD_RUNPATH_SEARCH_PATHS = "$(inherited) @executable_path/Frameworks";
				PRODUCT_BUNDLE_IDENTIFIER = RO.PPZone;
				PRODUCT_NAME = "$(TARGET_NAME)";
			};
			name = Release;
		};
/* End XCBuildConfiguration section */

/* Begin XCConfigurationList section */
		92BDFE031BF06ED300FF548D /* Build configuration list for PBXProject "PPZone" */ = {
			isa = XCConfigurationList;
			buildConfigurations = (
				92BDFE1D1BF06ED300FF548D /* Debug */,
				92BDFE1E1BF06ED300FF548D /* Release */,
			);
			defaultConfigurationIsVisible = 0;
			defaultConfigurationName = Release;
		};
		92BDFE1F1BF06ED300FF548D /* Build configuration list for PBXNativeTarget "PPZone" */ = {
			isa = XCConfigurationList;
			buildConfigurations = (
				92BDFE201BF06ED300FF548D /* Debug */,
				92BDFE211BF06ED300FF548D /* Release */,
			);
			defaultConfigurationIsVisible = 0;
			defaultConfigurationName = Release;
		};
/* End XCConfigurationList section */
	};
	rootObject = 92BDFE001BF06ED300FF548D /* Project object */;
}
